// !$*UTF8*$!
{
	archiveVersion = 1;
	classes = {
	};
	objectVersion = 46;
	objects = {

/* Begin PBXBuildFile section */
		00E356F31AD99517003FC87E /* letmefyTests.m in Sources */ = {isa = PBXBuildFile; fileRef = 00E356F21AD99517003FC87E /* letmefyTests.m */; };
		0DD67E820328810C433060ED /* libPods-letmefy-tvOS.a in Frameworks */ = {isa = PBXBuildFile; fileRef = 4006DAA04D74574B0EA0AA48 /* libPods-letmefy-tvOS.a */; };
		13B07FBC1A68108700A75B9A /* AppDelegate.m in Sources */ = {isa = PBXBuildFile; fileRef = 13B07FB01A68108700A75B9A /* AppDelegate.m */; };
		13B07FBD1A68108700A75B9A /* LaunchScreen.xib in Resources */ = {isa = PBXBuildFile; fileRef = 13B07FB11A68108700A75B9A /* LaunchScreen.xib */; };
		13B07FBF1A68108700A75B9A /* Images.xcassets in Resources */ = {isa = PBXBuildFile; fileRef = 13B07FB51A68108700A75B9A /* Images.xcassets */; };
		13B07FC11A68108700A75B9A /* main.m in Sources */ = {isa = PBXBuildFile; fileRef = 13B07FB71A68108700A75B9A /* main.m */; };
		275D148A232A2C3200C5BC05 /* Info.plist in Resources */ = {isa = PBXBuildFile; fileRef = 13B07FB61A68108700A75B9A /* Info.plist */; };
		275D148E232A354F00C5BC05 /* AddressBook.framework in Frameworks */ = {isa = PBXBuildFile; fileRef = 275D148D232A354F00C5BC05 /* AddressBook.framework */; };
		275D1490232A355600C5BC05 /* SafariServices.framework in Frameworks */ = {isa = PBXBuildFile; fileRef = 275D148F232A355600C5BC05 /* SafariServices.framework */; };
		275D1492232A355E00C5BC05 /* SystemConfiguration.framework in Frameworks */ = {isa = PBXBuildFile; fileRef = 275D1491232A355E00C5BC05 /* SystemConfiguration.framework */; };
		275D1494232A356B00C5BC05 /* libz.tbd in Frameworks */ = {isa = PBXBuildFile; fileRef = 275D1493232A356B00C5BC05 /* libz.tbd */; };
		27770D4623268F5100BF5AA2 /* GoogleService-Info.plist in Resources */ = {isa = PBXBuildFile; fileRef = 27770D4523268F5100BF5AA2 /* GoogleService-Info.plist */; };
		277715822323F372005F67AD /* AntDesign.ttf in Resources */ = {isa = PBXBuildFile; fileRef = 278B85C0231A8049000F4B24 /* AntDesign.ttf */; };
		277715832323F372005F67AD /* Entypo.ttf in Resources */ = {isa = PBXBuildFile; fileRef = 278B85C3231A8049000F4B24 /* Entypo.ttf */; };
		277715842323F372005F67AD /* EvilIcons.ttf in Resources */ = {isa = PBXBuildFile; fileRef = 278B85C1231A8049000F4B24 /* EvilIcons.ttf */; };
		277715852323F372005F67AD /* Feather.ttf in Resources */ = {isa = PBXBuildFile; fileRef = 278B85C2231A8049000F4B24 /* Feather.ttf */; };
		277715862323F372005F67AD /* FontAwesome.ttf in Resources */ = {isa = PBXBuildFile; fileRef = 278B85BA231A8047000F4B24 /* FontAwesome.ttf */; };
		277715872323F372005F67AD /* FontAwesome5_Brands.ttf in Resources */ = {isa = PBXBuildFile; fileRef = 278B85C5231A804A000F4B24 /* FontAwesome5_Brands.ttf */; };
		277715882323F372005F67AD /* FontAwesome5_Regular.ttf in Resources */ = {isa = PBXBuildFile; fileRef = 278B85BF231A8048000F4B24 /* FontAwesome5_Regular.ttf */; };
		277715892323F372005F67AD /* FontAwesome5_Solid.ttf in Resources */ = {isa = PBXBuildFile; fileRef = 278B85BE231A8048000F4B24 /* FontAwesome5_Solid.ttf */; };
		2777158A2323F372005F67AD /* Fontisto.ttf in Resources */ = {isa = PBXBuildFile; fileRef = 278B85B9231A8047000F4B24 /* Fontisto.ttf */; };
		2777158B2323F372005F67AD /* Foundation.ttf in Resources */ = {isa = PBXBuildFile; fileRef = 278B85C4231A804A000F4B24 /* Foundation.ttf */; };
		2777158C2323F372005F67AD /* Ionicons.ttf in Resources */ = {isa = PBXBuildFile; fileRef = 278B85BB231A8048000F4B24 /* Ionicons.ttf */; };
		2777158D2323F372005F67AD /* MaterialCommunityIcons.ttf in Resources */ = {isa = PBXBuildFile; fileRef = 278B85BD231A8048000F4B24 /* MaterialCommunityIcons.ttf */; };
		2777158E2323F372005F67AD /* MaterialIcons.ttf in Resources */ = {isa = PBXBuildFile; fileRef = 278B85BC231A8048000F4B24 /* MaterialIcons.ttf */; };
		2777158F2323F372005F67AD /* DINCondensed-Bold.ttf in Resources */ = {isa = PBXBuildFile; fileRef = 278B8596231A800D000F4B24 /* DINCondensed-Bold.ttf */; };
		277715902323F372005F67AD /* Gibson-Regular.ttf in Resources */ = {isa = PBXBuildFile; fileRef = 278B858F231A800C000F4B24 /* Gibson-Regular.ttf */; };
		277715912323F372005F67AD /* Montserrat-Bold.otf in Resources */ = {isa = PBXBuildFile; fileRef = 278B8584231A800A000F4B24 /* Montserrat-Bold.otf */; };
		277715922323F372005F67AD /* Montserrat-BoldItalic.otf in Resources */ = {isa = PBXBuildFile; fileRef = 278B8585231A800A000F4B24 /* Montserrat-BoldItalic.otf */; };
		277715932323F372005F67AD /* Montserrat-Medium.otf in Resources */ = {isa = PBXBuildFile; fileRef = 278B8594231A800D000F4B24 /* Montserrat-Medium.otf */; };
		277715942323F372005F67AD /* Montserrat-MediumItalic.otf in Resources */ = {isa = PBXBuildFile; fileRef = 278B8592231A800C000F4B24 /* Montserrat-MediumItalic.otf */; };
		277715952323F372005F67AD /* Montserrat-Regular.otf in Resources */ = {isa = PBXBuildFile; fileRef = 278B8581231A8009000F4B24 /* Montserrat-Regular.otf */; };
		277715962323F372005F67AD /* Montserrat-SemiBold.otf in Resources */ = {isa = PBXBuildFile; fileRef = 278B8590231A800C000F4B24 /* Montserrat-SemiBold.otf */; };
		277715972323F372005F67AD /* Nunito-Black.ttf in Resources */ = {isa = PBXBuildFile; fileRef = 278B857F231A8009000F4B24 /* Nunito-Black.ttf */; };
		277715982323F372005F67AD /* Nunito-BlackItalic.ttf in Resources */ = {isa = PBXBuildFile; fileRef = 278B858B231A800B000F4B24 /* Nunito-BlackItalic.ttf */; };
		277715992323F372005F67AD /* Nunito-Bold.ttf in Resources */ = {isa = PBXBuildFile; fileRef = 278B8591231A800C000F4B24 /* Nunito-Bold.ttf */; };
		2777159A2323F372005F67AD /* Nunito-BoldItalic.ttf in Resources */ = {isa = PBXBuildFile; fileRef = 278B8587231A800A000F4B24 /* Nunito-BoldItalic.ttf */; };
		2777159B2323F372005F67AD /* Nunito-ExtraBold.ttf in Resources */ = {isa = PBXBuildFile; fileRef = 278B8589231A800B000F4B24 /* Nunito-ExtraBold.ttf */; };
		2777159C2323F372005F67AD /* Nunito-ExtraBoldItalic.ttf in Resources */ = {isa = PBXBuildFile; fileRef = 278B858E231A800C000F4B24 /* Nunito-ExtraBoldItalic.ttf */; };
		2777159D2323F372005F67AD /* Nunito-ExtraLight.ttf in Resources */ = {isa = PBXBuildFile; fileRef = 278B8586231A800A000F4B24 /* Nunito-ExtraLight.ttf */; };
		2777159E2323F372005F67AD /* Nunito-ExtraLightItalic.ttf in Resources */ = {isa = PBXBuildFile; fileRef = 278B8597231A800D000F4B24 /* Nunito-ExtraLightItalic.ttf */; };
		2777159F2323F372005F67AD /* Nunito-Italic.ttf in Resources */ = {isa = PBXBuildFile; fileRef = 278B858D231A800B000F4B24 /* Nunito-Italic.ttf */; };
		277715A02323F372005F67AD /* Nunito-Light.ttf in Resources */ = {isa = PBXBuildFile; fileRef = 278B858A231A800B000F4B24 /* Nunito-Light.ttf */; };
		277715A12323F372005F67AD /* Nunito-LightItalic.ttf in Resources */ = {isa = PBXBuildFile; fileRef = 278B8582231A8009000F4B24 /* Nunito-LightItalic.ttf */; };
		277715A22323F372005F67AD /* Nunito-Regular.ttf in Resources */ = {isa = PBXBuildFile; fileRef = 278B8580231A8009000F4B24 /* Nunito-Regular.ttf */; };
		277715A32323F372005F67AD /* Nunito-SemiBold.ttf in Resources */ = {isa = PBXBuildFile; fileRef = 278B858C231A800B000F4B24 /* Nunito-SemiBold.ttf */; };
		277715A42323F372005F67AD /* Nunito-SemiBoldItalic.ttf in Resources */ = {isa = PBXBuildFile; fileRef = 278B859B231A800E000F4B24 /* Nunito-SemiBoldItalic.ttf */; };
		277715A52323F372005F67AD /* Polsku.ttf in Resources */ = {isa = PBXBuildFile; fileRef = 278B8595231A800D000F4B24 /* Polsku.ttf */; };
		277715A62323F372005F67AD /* SF_Toontime_Blotch_Italic.ttf in Resources */ = {isa = PBXBuildFile; fileRef = 278B8599231A800E000F4B24 /* SF_Toontime_Blotch_Italic.ttf */; };
		277715A72323F372005F67AD /* SF_Toontime_Blotch.ttf in Resources */ = {isa = PBXBuildFile; fileRef = 278B8593231A800C000F4B24 /* SF_Toontime_Blotch.ttf */; };
		277715A82323F372005F67AD /* SF_Toontime_Bold_Italic.ttf in Resources */ = {isa = PBXBuildFile; fileRef = 278B8598231A800D000F4B24 /* SF_Toontime_Bold_Italic.ttf */; };
		277715A92323F372005F67AD /* SF_Toontime_Bold.ttf in Resources */ = {isa = PBXBuildFile; fileRef = 278B8588231A800A000F4B24 /* SF_Toontime_Bold.ttf */; };
		277715AA2323F372005F67AD /* SF_Toontime_Italic.ttf in Resources */ = {isa = PBXBuildFile; fileRef = 278B859A231A800E000F4B24 /* SF_Toontime_Italic.ttf */; };
		277715AB2323F372005F67AD /* SF_Toontime.ttf in Resources */ = {isa = PBXBuildFile; fileRef = 278B8583231A800A000F4B24 /* SF_Toontime.ttf */; };
		278B859C231A800E000F4B24 /* Nunito-Black.ttf in Resources */ = {isa = PBXBuildFile; fileRef = 278B857F231A8009000F4B24 /* Nunito-Black.ttf */; };
		278B859D231A800E000F4B24 /* Nunito-Regular.ttf in Resources */ = {isa = PBXBuildFile; fileRef = 278B8580231A8009000F4B24 /* Nunito-Regular.ttf */; };
		278B859E231A800E000F4B24 /* Montserrat-Regular.otf in Resources */ = {isa = PBXBuildFile; fileRef = 278B8581231A8009000F4B24 /* Montserrat-Regular.otf */; };
		278B859F231A800E000F4B24 /* Nunito-LightItalic.ttf in Resources */ = {isa = PBXBuildFile; fileRef = 278B8582231A8009000F4B24 /* Nunito-LightItalic.ttf */; };
		278B85A0231A800E000F4B24 /* SF_Toontime.ttf in Resources */ = {isa = PBXBuildFile; fileRef = 278B8583231A800A000F4B24 /* SF_Toontime.ttf */; };
		278B85A3231A800E000F4B24 /* Nunito-ExtraLight.ttf in Resources */ = {isa = PBXBuildFile; fileRef = 278B8586231A800A000F4B24 /* Nunito-ExtraLight.ttf */; };
		278B85A4231A800E000F4B24 /* Nunito-BoldItalic.ttf in Resources */ = {isa = PBXBuildFile; fileRef = 278B8587231A800A000F4B24 /* Nunito-BoldItalic.ttf */; };
		278B85A5231A800E000F4B24 /* SF_Toontime_Bold.ttf in Resources */ = {isa = PBXBuildFile; fileRef = 278B8588231A800A000F4B24 /* SF_Toontime_Bold.ttf */; };
		278B85A6231A800E000F4B24 /* Nunito-ExtraBold.ttf in Resources */ = {isa = PBXBuildFile; fileRef = 278B8589231A800B000F4B24 /* Nunito-ExtraBold.ttf */; };
		278B85A7231A800E000F4B24 /* Nunito-Light.ttf in Resources */ = {isa = PBXBuildFile; fileRef = 278B858A231A800B000F4B24 /* Nunito-Light.ttf */; };
		278B85A8231A800E000F4B24 /* Nunito-BlackItalic.ttf in Resources */ = {isa = PBXBuildFile; fileRef = 278B858B231A800B000F4B24 /* Nunito-BlackItalic.ttf */; };
		278B85A9231A800E000F4B24 /* Nunito-SemiBold.ttf in Resources */ = {isa = PBXBuildFile; fileRef = 278B858C231A800B000F4B24 /* Nunito-SemiBold.ttf */; };
		278B85AA231A800E000F4B24 /* Nunito-Italic.ttf in Resources */ = {isa = PBXBuildFile; fileRef = 278B858D231A800B000F4B24 /* Nunito-Italic.ttf */; };
		278B85AB231A800E000F4B24 /* Nunito-ExtraBoldItalic.ttf in Resources */ = {isa = PBXBuildFile; fileRef = 278B858E231A800C000F4B24 /* Nunito-ExtraBoldItalic.ttf */; };
		278B85AC231A800E000F4B24 /* Gibson-Regular.ttf in Resources */ = {isa = PBXBuildFile; fileRef = 278B858F231A800C000F4B24 /* Gibson-Regular.ttf */; };
		278B85AD231A800E000F4B24 /* Montserrat-SemiBold.otf in Resources */ = {isa = PBXBuildFile; fileRef = 278B8590231A800C000F4B24 /* Montserrat-SemiBold.otf */; };
		278B85AE231A800E000F4B24 /* Nunito-Bold.ttf in Resources */ = {isa = PBXBuildFile; fileRef = 278B8591231A800C000F4B24 /* Nunito-Bold.ttf */; };
		278B85AF231A800E000F4B24 /* Montserrat-MediumItalic.otf in Resources */ = {isa = PBXBuildFile; fileRef = 278B8592231A800C000F4B24 /* Montserrat-MediumItalic.otf */; };
		278B85B0231A800E000F4B24 /* SF_Toontime_Blotch.ttf in Resources */ = {isa = PBXBuildFile; fileRef = 278B8593231A800C000F4B24 /* SF_Toontime_Blotch.ttf */; };
		278B85B1231A800E000F4B24 /* Montserrat-Medium.otf in Resources */ = {isa = PBXBuildFile; fileRef = 278B8594231A800D000F4B24 /* Montserrat-Medium.otf */; };
		278B85B2231A800E000F4B24 /* Polsku.ttf in Resources */ = {isa = PBXBuildFile; fileRef = 278B8595231A800D000F4B24 /* Polsku.ttf */; };
		278B85B3231A800E000F4B24 /* DINCondensed-Bold.ttf in Resources */ = {isa = PBXBuildFile; fileRef = 278B8596231A800D000F4B24 /* DINCondensed-Bold.ttf */; };
		278B85B4231A800E000F4B24 /* Nunito-ExtraLightItalic.ttf in Resources */ = {isa = PBXBuildFile; fileRef = 278B8597231A800D000F4B24 /* Nunito-ExtraLightItalic.ttf */; };
		278B85B5231A800E000F4B24 /* SF_Toontime_Bold_Italic.ttf in Resources */ = {isa = PBXBuildFile; fileRef = 278B8598231A800D000F4B24 /* SF_Toontime_Bold_Italic.ttf */; };
		278B85B6231A800E000F4B24 /* SF_Toontime_Blotch_Italic.ttf in Resources */ = {isa = PBXBuildFile; fileRef = 278B8599231A800E000F4B24 /* SF_Toontime_Blotch_Italic.ttf */; };
		278B85B7231A800E000F4B24 /* SF_Toontime_Italic.ttf in Resources */ = {isa = PBXBuildFile; fileRef = 278B859A231A800E000F4B24 /* SF_Toontime_Italic.ttf */; };
		278B85B8231A800E000F4B24 /* Nunito-SemiBoldItalic.ttf in Resources */ = {isa = PBXBuildFile; fileRef = 278B859B231A800E000F4B24 /* Nunito-SemiBoldItalic.ttf */; };
		2D02E4BC1E0B4A80006451C7 /* AppDelegate.m in Sources */ = {isa = PBXBuildFile; fileRef = 13B07FB01A68108700A75B9A /* AppDelegate.m */; };
		2D02E4BD1E0B4A84006451C7 /* Images.xcassets in Resources */ = {isa = PBXBuildFile; fileRef = 13B07FB51A68108700A75B9A /* Images.xcassets */; };
		2D02E4BF1E0B4AB3006451C7 /* main.m in Sources */ = {isa = PBXBuildFile; fileRef = 13B07FB71A68108700A75B9A /* main.m */; };
		2DCD954D1E0B4F2C00145EB5 /* letmefyTests.m in Sources */ = {isa = PBXBuildFile; fileRef = 00E356F21AD99517003FC87E /* letmefyTests.m */; };
		3284E99302E18876574F1715 /* libPods-letmefy-tvOSTests.a in Frameworks */ = {isa = PBXBuildFile; fileRef = 8E54027F1300DBA7B3700A4D /* libPods-letmefy-tvOSTests.a */; };
		65A7D28A8FB9BC8673C7F2B8 /* libPods-letmefyTests.a in Frameworks */ = {isa = PBXBuildFile; fileRef = 3EBD650B245F6BBDF1FBAA82 /* libPods-letmefyTests.a */; };
		79CF6478CCF0C8C6F24687AC /* libPods-letmefy.a in Frameworks */ = {isa = PBXBuildFile; fileRef = 61A3E8BCFF0D93A3529889D2 /* libPods-letmefy.a */; };
/* End PBXBuildFile section */

/* Begin PBXContainerItemProxy section */
		00E356F41AD99517003FC87E /* PBXContainerItemProxy */ = {
			isa = PBXContainerItemProxy;
			containerPortal = 83CBB9F71A601CBA00E9B192 /* Project object */;
			proxyType = 1;
			remoteGlobalIDString = 13B07F861A680F5B00A75B9A;
			remoteInfo = letmefy;
		};
		2D02E4911E0B4A5D006451C7 /* PBXContainerItemProxy */ = {
			isa = PBXContainerItemProxy;
			containerPortal = 83CBB9F71A601CBA00E9B192 /* Project object */;
			proxyType = 1;
			remoteGlobalIDString = 2D02E47A1E0B4A5D006451C7;
			remoteInfo = "letmefy-tvOS";
		};
/* End PBXContainerItemProxy section */

/* Begin PBXFileReference section */
		00646565253C45E18308D2BF /* Montserrat-Regular.otf */ = {isa = PBXFileReference; explicitFileType = undefined; fileEncoding = 9; includeInIndex = 0; lastKnownFileType = unknown; name = "Montserrat-Regular.otf"; path = "../assets/fonts/Montserrat-Regular.otf"; sourceTree = "<group>"; };
		008F07F21AC5B25A0029DE68 /* main.jsbundle */ = {isa = PBXFileReference; fileEncoding = 4; lastKnownFileType = text; path = main.jsbundle; sourceTree = "<group>"; };
		00E356EE1AD99517003FC87E /* letmefyTests.xctest */ = {isa = PBXFileReference; explicitFileType = wrapper.cfbundle; includeInIndex = 0; path = letmefyTests.xctest; sourceTree = BUILT_PRODUCTS_DIR; };
		00E356F11AD99517003FC87E /* Info.plist */ = {isa = PBXFileReference; lastKnownFileType = text.plist.xml; path = Info.plist; sourceTree = "<group>"; };
		00E356F21AD99517003FC87E /* letmefyTests.m */ = {isa = PBXFileReference; lastKnownFileType = sourcecode.c.objc; path = letmefyTests.m; sourceTree = "<group>"; };
		06945A806E93405DBCAD02A9 /* SF_Toontime_Bold_Italic.ttf */ = {isa = PBXFileReference; explicitFileType = undefined; fileEncoding = 9; includeInIndex = 0; lastKnownFileType = unknown; name = SF_Toontime_Bold_Italic.ttf; path = ../assets/fonts/SF_Toontime_Bold_Italic.ttf; sourceTree = "<group>"; };
		0D2C9C240E00205C0750BFF8 /* Pods-letmefy-tvOS.debug.xcconfig */ = {isa = PBXFileReference; includeInIndex = 1; lastKnownFileType = text.xcconfig; name = "Pods-letmefy-tvOS.debug.xcconfig"; path = "Pods/Target Support Files/Pods-letmefy-tvOS/Pods-letmefy-tvOS.debug.xcconfig"; sourceTree = "<group>"; };
		12607C065EDF4DB4BD08646A /* Nunito-LightItalic.ttf */ = {isa = PBXFileReference; explicitFileType = undefined; fileEncoding = 9; includeInIndex = 0; lastKnownFileType = unknown; name = "Nunito-LightItalic.ttf"; path = "../node_modules/react-native-vector-icons/Fonts/Nunito-LightItalic.ttf"; sourceTree = "<group>"; };
		133CB580E05E40FCA0E71952 /* Zocial.ttf */ = {isa = PBXFileReference; explicitFileType = undefined; fileEncoding = 9; includeInIndex = 0; lastKnownFileType = unknown; name = Zocial.ttf; path = "../node_modules/react-native-vector-icons/Fonts/Zocial.ttf"; sourceTree = "<group>"; };
		13B07F961A680F5B00A75B9A /* letmefy.app */ = {isa = PBXFileReference; explicitFileType = wrapper.application; includeInIndex = 0; path = letmefy.app; sourceTree = BUILT_PRODUCTS_DIR; };
		13B07FAF1A68108700A75B9A /* AppDelegate.h */ = {isa = PBXFileReference; fileEncoding = 4; lastKnownFileType = sourcecode.c.h; name = AppDelegate.h; path = letmefy/AppDelegate.h; sourceTree = "<group>"; };
		13B07FB01A68108700A75B9A /* AppDelegate.m */ = {isa = PBXFileReference; fileEncoding = 4; lastKnownFileType = sourcecode.c.objc; name = AppDelegate.m; path = letmefy/AppDelegate.m; sourceTree = "<group>"; };
		13B07FB21A68108700A75B9A /* Base */ = {isa = PBXFileReference; lastKnownFileType = file.xib; name = Base; path = Base.lproj/LaunchScreen.xib; sourceTree = "<group>"; };
		13B07FB51A68108700A75B9A /* Images.xcassets */ = {isa = PBXFileReference; lastKnownFileType = folder.assetcatalog; name = Images.xcassets; path = letmefy/Images.xcassets; sourceTree = "<group>"; };
		13B07FB61A68108700A75B9A /* Info.plist */ = {isa = PBXFileReference; fileEncoding = 4; lastKnownFileType = text.plist.xml; name = Info.plist; path = letmefy/Info.plist; sourceTree = "<group>"; };
		13B07FB71A68108700A75B9A /* main.m */ = {isa = PBXFileReference; fileEncoding = 4; lastKnownFileType = sourcecode.c.objc; name = main.m; path = letmefy/main.m; sourceTree = "<group>"; };
		14D9955A658648D9886E68A2 /* Foundation.ttf */ = {isa = PBXFileReference; explicitFileType = undefined; fileEncoding = 9; includeInIndex = 0; lastKnownFileType = unknown; name = Foundation.ttf; path = ../assets/fonts/Foundation.ttf; sourceTree = "<group>"; };
		15576B8034724AEB85024D7A /* Fontisto.ttf */ = {isa = PBXFileReference; explicitFileType = undefined; fileEncoding = 9; includeInIndex = 0; lastKnownFileType = unknown; name = Fontisto.ttf; path = "../node_modules/react-native-vector-icons/Fonts/Fontisto.ttf"; sourceTree = "<group>"; };
		181DFDCDA00A4679B7F941CC /* Polsku.ttf */ = {isa = PBXFileReference; explicitFileType = undefined; fileEncoding = 9; includeInIndex = 0; lastKnownFileType = unknown; name = Polsku.ttf; path = "../node_modules/react-native-vector-icons/Fonts/Polsku.ttf"; sourceTree = "<group>"; };
		1BFB4CB7A2454F4AA4CFC171 /* SimpleLineIcons.ttf */ = {isa = PBXFileReference; explicitFileType = undefined; fileEncoding = 9; includeInIndex = 0; lastKnownFileType = unknown; name = SimpleLineIcons.ttf; path = "../node_modules/react-native-vector-icons/Fonts/SimpleLineIcons.ttf"; sourceTree = "<group>"; };
		1D806875C84D471E91BACAC7 /* sftoontimebold.ttf */ = {isa = PBXFileReference; explicitFileType = undefined; fileEncoding = 9; includeInIndex = 0; lastKnownFileType = unknown; name = sftoontimebold.ttf; path = ../assets/fonts/sftoontimebold.ttf; sourceTree = "<group>"; };
		21D97FA5D86B4C49A253873A /* Nunito-Light.ttf */ = {isa = PBXFileReference; explicitFileType = undefined; fileEncoding = 9; includeInIndex = 0; lastKnownFileType = unknown; name = "Nunito-Light.ttf"; path = "../node_modules/react-native-vector-icons/Fonts/Nunito-Light.ttf"; sourceTree = "<group>"; };
		2534BDAAE8CE4F2A9EEE6A10 /* SF_Toontime_Blotch.ttf */ = {isa = PBXFileReference; explicitFileType = undefined; fileEncoding = 9; includeInIndex = 0; lastKnownFileType = unknown; name = SF_Toontime_Blotch.ttf; path = ../assets/fonts/SF_Toontime_Blotch.ttf; sourceTree = "<group>"; };
		26C5579C426242878C5A4F74 /* EvilIcons.ttf */ = {isa = PBXFileReference; explicitFileType = undefined; fileEncoding = 9; includeInIndex = 0; lastKnownFileType = unknown; name = EvilIcons.ttf; path = ../assets/fonts/EvilIcons.ttf; sourceTree = "<group>"; };
		275D148D232A354F00C5BC05 /* AddressBook.framework */ = {isa = PBXFileReference; lastKnownFileType = wrapper.framework; name = AddressBook.framework; path = System/Library/Frameworks/AddressBook.framework; sourceTree = SDKROOT; };
		275D148F232A355600C5BC05 /* SafariServices.framework */ = {isa = PBXFileReference; lastKnownFileType = wrapper.framework; name = SafariServices.framework; path = System/Library/Frameworks/SafariServices.framework; sourceTree = SDKROOT; };
		275D1491232A355E00C5BC05 /* SystemConfiguration.framework */ = {isa = PBXFileReference; lastKnownFileType = wrapper.framework; name = SystemConfiguration.framework; path = System/Library/Frameworks/SystemConfiguration.framework; sourceTree = SDKROOT; };
		275D1493232A356B00C5BC05 /* libz.tbd */ = {isa = PBXFileReference; lastKnownFileType = "sourcecode.text-based-dylib-definition"; name = libz.tbd; path = usr/lib/libz.tbd; sourceTree = SDKROOT; };
		27770D4523268F5100BF5AA2 /* GoogleService-Info.plist */ = {isa = PBXFileReference; fileEncoding = 4; lastKnownFileType = text.plist.xml; path = "GoogleService-Info.plist"; sourceTree = "<group>"; };
		278B857F231A8009000F4B24 /* Nunito-Black.ttf */ = {isa = PBXFileReference; lastKnownFileType = file; path = "Nunito-Black.ttf"; sourceTree = "<group>"; };
		278B8580231A8009000F4B24 /* Nunito-Regular.ttf */ = {isa = PBXFileReference; lastKnownFileType = file; path = "Nunito-Regular.ttf"; sourceTree = "<group>"; };
		278B8581231A8009000F4B24 /* Montserrat-Regular.otf */ = {isa = PBXFileReference; lastKnownFileType = file; path = "Montserrat-Regular.otf"; sourceTree = "<group>"; };
		278B8582231A8009000F4B24 /* Nunito-LightItalic.ttf */ = {isa = PBXFileReference; lastKnownFileType = file; path = "Nunito-LightItalic.ttf"; sourceTree = "<group>"; };
		278B8583231A800A000F4B24 /* SF_Toontime.ttf */ = {isa = PBXFileReference; lastKnownFileType = file; path = SF_Toontime.ttf; sourceTree = "<group>"; };
		278B8584231A800A000F4B24 /* Montserrat-Bold.otf */ = {isa = PBXFileReference; lastKnownFileType = file; path = "Montserrat-Bold.otf"; sourceTree = "<group>"; };
		278B8585231A800A000F4B24 /* Montserrat-BoldItalic.otf */ = {isa = PBXFileReference; lastKnownFileType = file; path = "Montserrat-BoldItalic.otf"; sourceTree = "<group>"; };
		278B8586231A800A000F4B24 /* Nunito-ExtraLight.ttf */ = {isa = PBXFileReference; lastKnownFileType = file; path = "Nunito-ExtraLight.ttf"; sourceTree = "<group>"; };
		278B8587231A800A000F4B24 /* Nunito-BoldItalic.ttf */ = {isa = PBXFileReference; lastKnownFileType = file; path = "Nunito-BoldItalic.ttf"; sourceTree = "<group>"; };
		278B8588231A800A000F4B24 /* SF_Toontime_Bold.ttf */ = {isa = PBXFileReference; lastKnownFileType = file; path = SF_Toontime_Bold.ttf; sourceTree = "<group>"; };
		278B8589231A800B000F4B24 /* Nunito-ExtraBold.ttf */ = {isa = PBXFileReference; lastKnownFileType = file; path = "Nunito-ExtraBold.ttf"; sourceTree = "<group>"; };
		278B858A231A800B000F4B24 /* Nunito-Light.ttf */ = {isa = PBXFileReference; lastKnownFileType = file; path = "Nunito-Light.ttf"; sourceTree = "<group>"; };
		278B858B231A800B000F4B24 /* Nunito-BlackItalic.ttf */ = {isa = PBXFileReference; lastKnownFileType = file; path = "Nunito-BlackItalic.ttf"; sourceTree = "<group>"; };
		278B858C231A800B000F4B24 /* Nunito-SemiBold.ttf */ = {isa = PBXFileReference; lastKnownFileType = file; path = "Nunito-SemiBold.ttf"; sourceTree = "<group>"; };
		278B858D231A800B000F4B24 /* Nunito-Italic.ttf */ = {isa = PBXFileReference; lastKnownFileType = file; path = "Nunito-Italic.ttf"; sourceTree = "<group>"; };
		278B858E231A800C000F4B24 /* Nunito-ExtraBoldItalic.ttf */ = {isa = PBXFileReference; lastKnownFileType = file; path = "Nunito-ExtraBoldItalic.ttf"; sourceTree = "<group>"; };
		278B858F231A800C000F4B24 /* Gibson-Regular.ttf */ = {isa = PBXFileReference; lastKnownFileType = file; path = "Gibson-Regular.ttf"; sourceTree = "<group>"; };
		278B8590231A800C000F4B24 /* Montserrat-SemiBold.otf */ = {isa = PBXFileReference; lastKnownFileType = file; path = "Montserrat-SemiBold.otf"; sourceTree = "<group>"; };
		278B8591231A800C000F4B24 /* Nunito-Bold.ttf */ = {isa = PBXFileReference; lastKnownFileType = file; path = "Nunito-Bold.ttf"; sourceTree = "<group>"; };
		278B8592231A800C000F4B24 /* Montserrat-MediumItalic.otf */ = {isa = PBXFileReference; lastKnownFileType = file; path = "Montserrat-MediumItalic.otf"; sourceTree = "<group>"; };
		278B8593231A800C000F4B24 /* SF_Toontime_Blotch.ttf */ = {isa = PBXFileReference; lastKnownFileType = file; path = SF_Toontime_Blotch.ttf; sourceTree = "<group>"; };
		278B8594231A800D000F4B24 /* Montserrat-Medium.otf */ = {isa = PBXFileReference; lastKnownFileType = file; path = "Montserrat-Medium.otf"; sourceTree = "<group>"; };
		278B8595231A800D000F4B24 /* Polsku.ttf */ = {isa = PBXFileReference; lastKnownFileType = file; path = Polsku.ttf; sourceTree = "<group>"; };
		278B8596231A800D000F4B24 /* DINCondensed-Bold.ttf */ = {isa = PBXFileReference; lastKnownFileType = file; path = "DINCondensed-Bold.ttf"; sourceTree = "<group>"; };
		278B8597231A800D000F4B24 /* Nunito-ExtraLightItalic.ttf */ = {isa = PBXFileReference; lastKnownFileType = file; path = "Nunito-ExtraLightItalic.ttf"; sourceTree = "<group>"; };
		278B8598231A800D000F4B24 /* SF_Toontime_Bold_Italic.ttf */ = {isa = PBXFileReference; lastKnownFileType = file; path = SF_Toontime_Bold_Italic.ttf; sourceTree = "<group>"; };
		278B8599231A800E000F4B24 /* SF_Toontime_Blotch_Italic.ttf */ = {isa = PBXFileReference; lastKnownFileType = file; path = SF_Toontime_Blotch_Italic.ttf; sourceTree = "<group>"; };
		278B859A231A800E000F4B24 /* SF_Toontime_Italic.ttf */ = {isa = PBXFileReference; lastKnownFileType = file; path = SF_Toontime_Italic.ttf; sourceTree = "<group>"; };
		278B859B231A800E000F4B24 /* Nunito-SemiBoldItalic.ttf */ = {isa = PBXFileReference; lastKnownFileType = file; path = "Nunito-SemiBoldItalic.ttf"; sourceTree = "<group>"; };
		278B85B9231A8047000F4B24 /* Fontisto.ttf */ = {isa = PBXFileReference; lastKnownFileType = file; path = Fontisto.ttf; sourceTree = "<group>"; };
		278B85BA231A8047000F4B24 /* FontAwesome.ttf */ = {isa = PBXFileReference; lastKnownFileType = file; path = FontAwesome.ttf; sourceTree = "<group>"; };
		278B85BB231A8048000F4B24 /* Ionicons.ttf */ = {isa = PBXFileReference; lastKnownFileType = file; path = Ionicons.ttf; sourceTree = "<group>"; };
		278B85BC231A8048000F4B24 /* MaterialIcons.ttf */ = {isa = PBXFileReference; lastKnownFileType = file; path = MaterialIcons.ttf; sourceTree = "<group>"; };
		278B85BD231A8048000F4B24 /* MaterialCommunityIcons.ttf */ = {isa = PBXFileReference; lastKnownFileType = file; path = MaterialCommunityIcons.ttf; sourceTree = "<group>"; };
		278B85BE231A8048000F4B24 /* FontAwesome5_Solid.ttf */ = {isa = PBXFileReference; lastKnownFileType = file; path = FontAwesome5_Solid.ttf; sourceTree = "<group>"; };
		278B85BF231A8048000F4B24 /* FontAwesome5_Regular.ttf */ = {isa = PBXFileReference; lastKnownFileType = file; path = FontAwesome5_Regular.ttf; sourceTree = "<group>"; };
		278B85C0231A8049000F4B24 /* AntDesign.ttf */ = {isa = PBXFileReference; lastKnownFileType = file; path = AntDesign.ttf; sourceTree = "<group>"; };
		278B85C1231A8049000F4B24 /* EvilIcons.ttf */ = {isa = PBXFileReference; lastKnownFileType = file; path = EvilIcons.ttf; sourceTree = "<group>"; };
		278B85C2231A8049000F4B24 /* Feather.ttf */ = {isa = PBXFileReference; lastKnownFileType = file; path = Feather.ttf; sourceTree = "<group>"; };
		278B85C3231A8049000F4B24 /* Entypo.ttf */ = {isa = PBXFileReference; lastKnownFileType = file; path = Entypo.ttf; sourceTree = "<group>"; };
		278B85C4231A804A000F4B24 /* Foundation.ttf */ = {isa = PBXFileReference; lastKnownFileType = file; path = Foundation.ttf; sourceTree = "<group>"; };
		278B85C5231A804A000F4B24 /* FontAwesome5_Brands.ttf */ = {isa = PBXFileReference; lastKnownFileType = file; path = FontAwesome5_Brands.ttf; sourceTree = "<group>"; };
		2D02E47B1E0B4A5D006451C7 /* letmefy-tvOS.app */ = {isa = PBXFileReference; explicitFileType = wrapper.application; includeInIndex = 0; path = "letmefy-tvOS.app"; sourceTree = BUILT_PRODUCTS_DIR; };
		2D02E4901E0B4A5D006451C7 /* letmefy-tvOSTests.xctest */ = {isa = PBXFileReference; explicitFileType = wrapper.cfbundle; includeInIndex = 0; path = "letmefy-tvOSTests.xctest"; sourceTree = BUILT_PRODUCTS_DIR; };
		38D4C3BFF75445E7ABDFE391 /* AntDesign.ttf */ = {isa = PBXFileReference; explicitFileType = undefined; fileEncoding = 9; includeInIndex = 0; lastKnownFileType = unknown; name = AntDesign.ttf; path = "../node_modules/react-native-vector-icons/Fonts/AntDesign.ttf"; sourceTree = "<group>"; };
		3EBD650B245F6BBDF1FBAA82 /* libPods-letmefyTests.a */ = {isa = PBXFileReference; explicitFileType = archive.ar; includeInIndex = 0; path = "libPods-letmefyTests.a"; sourceTree = BUILT_PRODUCTS_DIR; };
		4006DAA04D74574B0EA0AA48 /* libPods-letmefy-tvOS.a */ = {isa = PBXFileReference; explicitFileType = archive.ar; includeInIndex = 0; path = "libPods-letmefy-tvOS.a"; sourceTree = BUILT_PRODUCTS_DIR; };
		4095F662C6C842F8B2F97D96 /* FontAwesome5_Brands.ttf */ = {isa = PBXFileReference; explicitFileType = undefined; fileEncoding = 9; includeInIndex = 0; lastKnownFileType = unknown; name = FontAwesome5_Brands.ttf; path = ../assets/fonts/FontAwesome5_Brands.ttf; sourceTree = "<group>"; };
		4106E5EFC05540DA97FDBA61 /* Nunito-Regular.ttf */ = {isa = PBXFileReference; explicitFileType = undefined; fileEncoding = 9; includeInIndex = 0; lastKnownFileType = unknown; name = "Nunito-Regular.ttf"; path = "../node_modules/react-native-vector-icons/Fonts/Nunito-Regular.ttf"; sourceTree = "<group>"; };
		4428AECDB44AA88BFCA427D2 /* Pods-letmefy-tvOS.release.xcconfig */ = {isa = PBXFileReference; includeInIndex = 1; lastKnownFileType = text.xcconfig; name = "Pods-letmefy-tvOS.release.xcconfig"; path = "Pods/Target Support Files/Pods-letmefy-tvOS/Pods-letmefy-tvOS.release.xcconfig"; sourceTree = "<group>"; };
		473B461951354AE295416EA4 /* Nunito-BoldItalic.ttf */ = {isa = PBXFileReference; explicitFileType = undefined; fileEncoding = 9; includeInIndex = 0; lastKnownFileType = unknown; name = "Nunito-BoldItalic.ttf"; path = "../node_modules/react-native-vector-icons/Fonts/Nunito-BoldItalic.ttf"; sourceTree = "<group>"; };
		53A555910E4245538EDB4C6D /* Nunito-SemiBold.ttf */ = {isa = PBXFileReference; explicitFileType = undefined; fileEncoding = 9; includeInIndex = 0; lastKnownFileType = unknown; name = "Nunito-SemiBold.ttf"; path = "../node_modules/react-native-vector-icons/Fonts/Nunito-SemiBold.ttf"; sourceTree = "<group>"; };
		5E1B52098D4C461F802FE37C /* Ionicons.ttf */ = {isa = PBXFileReference; explicitFileType = undefined; fileEncoding = 9; includeInIndex = 0; lastKnownFileType = unknown; name = Ionicons.ttf; path = ../assets/fonts/Ionicons.ttf; sourceTree = "<group>"; };
		5F44148F78EF45D58981101D /* SF_Toontime_Bold.ttf */ = {isa = PBXFileReference; explicitFileType = undefined; fileEncoding = 9; includeInIndex = 0; lastKnownFileType = unknown; name = SF_Toontime_Bold.ttf; path = ../assets/fonts/SF_Toontime_Bold.ttf; sourceTree = "<group>"; };
		61A3E8BCFF0D93A3529889D2 /* libPods-letmefy.a */ = {isa = PBXFileReference; explicitFileType = archive.ar; includeInIndex = 0; path = "libPods-letmefy.a"; sourceTree = BUILT_PRODUCTS_DIR; };
		6424B83EAC024BAE901AE9AD /* FontAwesome5_Brands.ttf */ = {isa = PBXFileReference; explicitFileType = undefined; fileEncoding = 9; includeInIndex = 0; lastKnownFileType = unknown; name = FontAwesome5_Brands.ttf; path = "../node_modules/react-native-vector-icons/Fonts/FontAwesome5_Brands.ttf"; sourceTree = "<group>"; };
		657FAEE1775E43D184F5AA56 /* Entypo.ttf */ = {isa = PBXFileReference; explicitFileType = undefined; fileEncoding = 9; includeInIndex = 0; lastKnownFileType = unknown; name = Entypo.ttf; path = ../assets/fonts/Entypo.ttf; sourceTree = "<group>"; };
		6C096D38DE7345CBA21749F0 /* Nunito-Black.ttf */ = {isa = PBXFileReference; explicitFileType = undefined; fileEncoding = 9; includeInIndex = 0; lastKnownFileType = unknown; name = "Nunito-Black.ttf"; path = "../node_modules/react-native-vector-icons/Fonts/Nunito-Black.ttf"; sourceTree = "<group>"; };
		6FED6426F1DC4A1696D31F69 /* SF_Toontime_Blotch.ttf */ = {isa = PBXFileReference; explicitFileType = undefined; fileEncoding = 9; includeInIndex = 0; lastKnownFileType = unknown; name = SF_Toontime_Blotch.ttf; path = "../node_modules/react-native-vector-icons/Fonts/SF_Toontime_Blotch.ttf"; sourceTree = "<group>"; };
		7179E5E3C8C34CBA9053D954 /* Gibson-Regular.ttf */ = {isa = PBXFileReference; explicitFileType = undefined; fileEncoding = 9; includeInIndex = 0; lastKnownFileType = unknown; name = "Gibson-Regular.ttf"; path = "../node_modules/react-native-vector-icons/Fonts/Gibson-Regular.ttf"; sourceTree = "<group>"; };
		74F7A1B7373AD1F04624213C /* Pods-letmefy-tvOSTests.debug.xcconfig */ = {isa = PBXFileReference; includeInIndex = 1; lastKnownFileType = text.xcconfig; name = "Pods-letmefy-tvOSTests.debug.xcconfig"; path = "Pods/Target Support Files/Pods-letmefy-tvOSTests/Pods-letmefy-tvOSTests.debug.xcconfig"; sourceTree = "<group>"; };
		764FAA94BFFC0FA527FBAA82 /* Pods-letmefy-tvOSTests.release.xcconfig */ = {isa = PBXFileReference; includeInIndex = 1; lastKnownFileType = text.xcconfig; name = "Pods-letmefy-tvOSTests.release.xcconfig"; path = "Pods/Target Support Files/Pods-letmefy-tvOSTests/Pods-letmefy-tvOSTests.release.xcconfig"; sourceTree = "<group>"; };
		7A06D96A648240FA80BDD41E /* EvilIcons.ttf */ = {isa = PBXFileReference; explicitFileType = undefined; fileEncoding = 9; includeInIndex = 0; lastKnownFileType = unknown; name = EvilIcons.ttf; path = "../node_modules/react-native-vector-icons/Fonts/EvilIcons.ttf"; sourceTree = "<group>"; };
		7B003B91A1B644F5A03ED171 /* MaterialCommunityIcons.ttf */ = {isa = PBXFileReference; explicitFileType = undefined; fileEncoding = 9; includeInIndex = 0; lastKnownFileType = unknown; name = MaterialCommunityIcons.ttf; path = "../node_modules/react-native-vector-icons/Fonts/MaterialCommunityIcons.ttf"; sourceTree = "<group>"; };
		8336DEE03AF14E94B28A6B11 /* SF_Toontime.ttf */ = {isa = PBXFileReference; explicitFileType = undefined; fileEncoding = 9; includeInIndex = 0; lastKnownFileType = unknown; name = SF_Toontime.ttf; path = "../node_modules/react-native-vector-icons/Fonts/SF_Toontime.ttf"; sourceTree = "<group>"; };
		83F74DD32E084E35870ECFA7 /* Nunito-BlackItalic.ttf */ = {isa = PBXFileReference; explicitFileType = undefined; fileEncoding = 9; includeInIndex = 0; lastKnownFileType = unknown; name = "Nunito-BlackItalic.ttf"; path = "../node_modules/react-native-vector-icons/Fonts/Nunito-BlackItalic.ttf"; sourceTree = "<group>"; };
		85022402A45B4FFB996655EB /* Foundation.ttf */ = {isa = PBXFileReference; explicitFileType = undefined; fileEncoding = 9; includeInIndex = 0; lastKnownFileType = unknown; name = Foundation.ttf; path = "../node_modules/react-native-vector-icons/Fonts/Foundation.ttf"; sourceTree = "<group>"; };
		886A361F7CF849928F883310 /* FontAwesome5_Solid.ttf */ = {isa = PBXFileReference; explicitFileType = undefined; fileEncoding = 9; includeInIndex = 0; lastKnownFileType = unknown; name = FontAwesome5_Solid.ttf; path = "../node_modules/react-native-vector-icons/Fonts/FontAwesome5_Solid.ttf"; sourceTree = "<group>"; };
		8A0B3FA1A8DC4F2B8DBAA708 /* SF_Toontime.ttf */ = {isa = PBXFileReference; explicitFileType = undefined; fileEncoding = 9; includeInIndex = 0; lastKnownFileType = unknown; name = SF_Toontime.ttf; path = ../assets/fonts/SF_Toontime.ttf; sourceTree = "<group>"; };
		8E54027F1300DBA7B3700A4D /* libPods-letmefy-tvOSTests.a */ = {isa = PBXFileReference; explicitFileType = archive.ar; includeInIndex = 0; path = "libPods-letmefy-tvOSTests.a"; sourceTree = BUILT_PRODUCTS_DIR; };
		90B1D05F182A446DBB51810F /* AntDesign.ttf */ = {isa = PBXFileReference; explicitFileType = undefined; fileEncoding = 9; includeInIndex = 0; lastKnownFileType = unknown; name = AntDesign.ttf; path = ../assets/fonts/AntDesign.ttf; sourceTree = "<group>"; };
		948AAF49B97549A8BFF66056 /* Montserrat-SemiBold.otf */ = {isa = PBXFileReference; explicitFileType = undefined; fileEncoding = 9; includeInIndex = 0; lastKnownFileType = unknown; name = "Montserrat-SemiBold.otf"; path = "../assets/fonts/Montserrat-SemiBold.otf"; sourceTree = "<group>"; };
		951802E6B91A44A1846938FC /* Montserrat-Bold.otf */ = {isa = PBXFileReference; explicitFileType = undefined; fileEncoding = 9; includeInIndex = 0; lastKnownFileType = unknown; name = "Montserrat-Bold.otf"; path = "../assets/fonts/Montserrat-Bold.otf"; sourceTree = "<group>"; };
		961887CFA1494CFF84D02699 /* Nunito-ExtraLightItalic.ttf */ = {isa = PBXFileReference; explicitFileType = undefined; fileEncoding = 9; includeInIndex = 0; lastKnownFileType = unknown; name = "Nunito-ExtraLightItalic.ttf"; path = "../node_modules/react-native-vector-icons/Fonts/Nunito-ExtraLightItalic.ttf"; sourceTree = "<group>"; };
		96491B3CFE6048128990C308 /* MaterialIcons.ttf */ = {isa = PBXFileReference; explicitFileType = undefined; fileEncoding = 9; includeInIndex = 0; lastKnownFileType = unknown; name = MaterialIcons.ttf; path = ../assets/fonts/MaterialIcons.ttf; sourceTree = "<group>"; };
		96B2B4683EB9752FFAF6AB5A /* Pods-letmefy.release.xcconfig */ = {isa = PBXFileReference; includeInIndex = 1; lastKnownFileType = text.xcconfig; name = "Pods-letmefy.release.xcconfig"; path = "Pods/Target Support Files/Pods-letmefy/Pods-letmefy.release.xcconfig"; sourceTree = "<group>"; };
		99D6F45284114E01AD7DF7AB /* SF_Toontime_Blotch_Italic.ttf */ = {isa = PBXFileReference; explicitFileType = undefined; fileEncoding = 9; includeInIndex = 0; lastKnownFileType = unknown; name = SF_Toontime_Blotch_Italic.ttf; path = "../node_modules/react-native-vector-icons/Fonts/SF_Toontime_Blotch_Italic.ttf"; sourceTree = "<group>"; };
		9F77ED624C15469CB43C1ABB /* Entypo.ttf */ = {isa = PBXFileReference; explicitFileType = undefined; fileEncoding = 9; includeInIndex = 0; lastKnownFileType = unknown; name = Entypo.ttf; path = "../node_modules/react-native-vector-icons/Fonts/Entypo.ttf"; sourceTree = "<group>"; };
		AD34F339747846C6BC02C3B9 /* FontAwesome.ttf */ = {isa = PBXFileReference; explicitFileType = undefined; fileEncoding = 9; includeInIndex = 0; lastKnownFileType = unknown; name = FontAwesome.ttf; path = ../assets/fonts/FontAwesome.ttf; sourceTree = "<group>"; };
		AE537822B9C83F2AD8E50986 /* Pods-letmefy.debug.xcconfig */ = {isa = PBXFileReference; includeInIndex = 1; lastKnownFileType = text.xcconfig; name = "Pods-letmefy.debug.xcconfig"; path = "Pods/Target Support Files/Pods-letmefy/Pods-letmefy.debug.xcconfig"; sourceTree = "<group>"; };
		AF0B6EB3E60E46BA9D2C7AD5 /* Nunito-ExtraBoldItalic.ttf */ = {isa = PBXFileReference; explicitFileType = undefined; fileEncoding = 9; includeInIndex = 0; lastKnownFileType = unknown; name = "Nunito-ExtraBoldItalic.ttf"; path = "../node_modules/react-native-vector-icons/Fonts/Nunito-ExtraBoldItalic.ttf"; sourceTree = "<group>"; };
		B1300127BAF74253B1ACFFD6 /* Feather.ttf */ = {isa = PBXFileReference; explicitFileType = undefined; fileEncoding = 9; includeInIndex = 0; lastKnownFileType = unknown; name = Feather.ttf; path = "../node_modules/react-native-vector-icons/Fonts/Feather.ttf"; sourceTree = "<group>"; };
		B66B450282E94D9C9790FDE2 /* FontAwesome.ttf */ = {isa = PBXFileReference; explicitFileType = undefined; fileEncoding = 9; includeInIndex = 0; lastKnownFileType = unknown; name = FontAwesome.ttf; path = "../node_modules/react-native-vector-icons/Fonts/FontAwesome.ttf"; sourceTree = "<group>"; };
		B874C9B307664FFDB42EFEC3 /* Ionicons.ttf */ = {isa = PBXFileReference; explicitFileType = undefined; fileEncoding = 9; includeInIndex = 0; lastKnownFileType = unknown; name = Ionicons.ttf; path = "../node_modules/react-native-vector-icons/Fonts/Ionicons.ttf"; sourceTree = "<group>"; };
		BA75CABB40964845BA3D24BB /* Fontisto.ttf */ = {isa = PBXFileReference; explicitFileType = undefined; fileEncoding = 9; includeInIndex = 0; lastKnownFileType = unknown; name = Fontisto.ttf; path = ../assets/fonts/Fontisto.ttf; sourceTree = "<group>"; };
		BAE1C7FC1AC443788E936B36 /* Nunito-ExtraLight.ttf */ = {isa = PBXFileReference; explicitFileType = undefined; fileEncoding = 9; includeInIndex = 0; lastKnownFileType = unknown; name = "Nunito-ExtraLight.ttf"; path = "../node_modules/react-native-vector-icons/Fonts/Nunito-ExtraLight.ttf"; sourceTree = "<group>"; };
		C0AF8B7B2B4D4B018A0DDDE7 /* SF_Toontime_Blotch_Italic.ttf */ = {isa = PBXFileReference; explicitFileType = undefined; fileEncoding = 9; includeInIndex = 0; lastKnownFileType = unknown; name = SF_Toontime_Blotch_Italic.ttf; path = ../assets/fonts/SF_Toontime_Blotch_Italic.ttf; sourceTree = "<group>"; };
		C14426D00A8540BFB9E77F70 /* Montserrat-MediumItalic.otf */ = {isa = PBXFileReference; explicitFileType = undefined; fileEncoding = 9; includeInIndex = 0; lastKnownFileType = unknown; name = "Montserrat-MediumItalic.otf"; path = "../assets/fonts/Montserrat-MediumItalic.otf"; sourceTree = "<group>"; };
		C43C890E6B064D1D9E8EC34F /* FontAwesome5_Solid.ttf */ = {isa = PBXFileReference; explicitFileType = undefined; fileEncoding = 9; includeInIndex = 0; lastKnownFileType = unknown; name = FontAwesome5_Solid.ttf; path = ../assets/fonts/FontAwesome5_Solid.ttf; sourceTree = "<group>"; };
		C48910523A3B47A68CBDE932 /* SF_Toontime_Italic.ttf */ = {isa = PBXFileReference; explicitFileType = undefined; fileEncoding = 9; includeInIndex = 0; lastKnownFileType = unknown; name = SF_Toontime_Italic.ttf; path = "../node_modules/react-native-vector-icons/Fonts/SF_Toontime_Italic.ttf"; sourceTree = "<group>"; };
		C671EF3A1ECF4A4EB676AAE1 /* SF_Toontime_Bold_Italic.ttf */ = {isa = PBXFileReference; explicitFileType = undefined; fileEncoding = 9; includeInIndex = 0; lastKnownFileType = unknown; name = SF_Toontime_Bold_Italic.ttf; path = "../node_modules/react-native-vector-icons/Fonts/SF_Toontime_Bold_Italic.ttf"; sourceTree = "<group>"; };
		CA14C920FF2F49A2BFF4C9FD /* Montserrat-BoldItalic.otf */ = {isa = PBXFileReference; explicitFileType = undefined; fileEncoding = 9; includeInIndex = 0; lastKnownFileType = unknown; name = "Montserrat-BoldItalic.otf"; path = "../assets/fonts/Montserrat-BoldItalic.otf"; sourceTree = "<group>"; };
		CE63B354A3BD4FD897A9AEB2 /* Octicons.ttf */ = {isa = PBXFileReference; explicitFileType = undefined; fileEncoding = 9; includeInIndex = 0; lastKnownFileType = unknown; name = Octicons.ttf; path = "../node_modules/react-native-vector-icons/Fonts/Octicons.ttf"; sourceTree = "<group>"; };
		D0459C985E9740CB851BCE8D /* Montserrat-Medium.otf */ = {isa = PBXFileReference; explicitFileType = undefined; fileEncoding = 9; includeInIndex = 0; lastKnownFileType = unknown; name = "Montserrat-Medium.otf"; path = "../assets/fonts/Montserrat-Medium.otf"; sourceTree = "<group>"; };
		D0A232A62BA6418DAA94FE6F /* Nunito-Bold.ttf */ = {isa = PBXFileReference; explicitFileType = undefined; fileEncoding = 9; includeInIndex = 0; lastKnownFileType = unknown; name = "Nunito-Bold.ttf"; path = "../node_modules/react-native-vector-icons/Fonts/Nunito-Bold.ttf"; sourceTree = "<group>"; };
		D306036E9900481F8B94CC46 /* FontAwesome5_Regular.ttf */ = {isa = PBXFileReference; explicitFileType = undefined; fileEncoding = 9; includeInIndex = 0; lastKnownFileType = unknown; name = FontAwesome5_Regular.ttf; path = "../node_modules/react-native-vector-icons/Fonts/FontAwesome5_Regular.ttf"; sourceTree = "<group>"; };
		D42E86582B214377AEBF0B65 /* FontAwesome5_Regular.ttf */ = {isa = PBXFileReference; explicitFileType = undefined; fileEncoding = 9; includeInIndex = 0; lastKnownFileType = unknown; name = FontAwesome5_Regular.ttf; path = ../assets/fonts/FontAwesome5_Regular.ttf; sourceTree = "<group>"; };
		D64DC3BA58E6468384C34276 /* Nunito-SemiBoldItalic.ttf */ = {isa = PBXFileReference; explicitFileType = undefined; fileEncoding = 9; includeInIndex = 0; lastKnownFileType = unknown; name = "Nunito-SemiBoldItalic.ttf"; path = "../node_modules/react-native-vector-icons/Fonts/Nunito-SemiBoldItalic.ttf"; sourceTree = "<group>"; };
		D658803481F4456BB03CCB46 /* Feather.ttf */ = {isa = PBXFileReference; explicitFileType = undefined; fileEncoding = 9; includeInIndex = 0; lastKnownFileType = unknown; name = Feather.ttf; path = ../assets/fonts/Feather.ttf; sourceTree = "<group>"; };
		E2E2E233199E4A13936C4C29 /* Gibson-Regular.ttf */ = {isa = PBXFileReference; explicitFileType = undefined; fileEncoding = 9; includeInIndex = 0; lastKnownFileType = unknown; name = "Gibson-Regular.ttf"; path = "../assets/fonts/Gibson-Regular.ttf"; sourceTree = "<group>"; };
		E813AD6A3CC44D7299E4B122 /* Nunito-Italic.ttf */ = {isa = PBXFileReference; explicitFileType = undefined; fileEncoding = 9; includeInIndex = 0; lastKnownFileType = unknown; name = "Nunito-Italic.ttf"; path = "../node_modules/react-native-vector-icons/Fonts/Nunito-Italic.ttf"; sourceTree = "<group>"; };
		E86345AD83395FD31A696834 /* Pods-letmefyTests.debug.xcconfig */ = {isa = PBXFileReference; includeInIndex = 1; lastKnownFileType = text.xcconfig; name = "Pods-letmefyTests.debug.xcconfig"; path = "Pods/Target Support Files/Pods-letmefyTests/Pods-letmefyTests.debug.xcconfig"; sourceTree = "<group>"; };
		ED297162215061F000B7C4FE /* JavaScriptCore.framework */ = {isa = PBXFileReference; lastKnownFileType = wrapper.framework; name = JavaScriptCore.framework; path = System/Library/Frameworks/JavaScriptCore.framework; sourceTree = SDKROOT; };
		ED2971642150620600B7C4FE /* JavaScriptCore.framework */ = {isa = PBXFileReference; lastKnownFileType = wrapper.framework; name = JavaScriptCore.framework; path = Platforms/AppleTVOS.platform/Developer/SDKs/AppleTVOS12.0.sdk/System/Library/Frameworks/JavaScriptCore.framework; sourceTree = DEVELOPER_DIR; };
		EDBC9B5EC5C3554842E3EABA /* Pods-letmefyTests.release.xcconfig */ = {isa = PBXFileReference; includeInIndex = 1; lastKnownFileType = text.xcconfig; name = "Pods-letmefyTests.release.xcconfig"; path = "Pods/Target Support Files/Pods-letmefyTests/Pods-letmefyTests.release.xcconfig"; sourceTree = "<group>"; };
		F194C697FAAB4DCABC17348D /* SF_Toontime_Italic.ttf */ = {isa = PBXFileReference; explicitFileType = undefined; fileEncoding = 9; includeInIndex = 0; lastKnownFileType = unknown; name = SF_Toontime_Italic.ttf; path = ../assets/fonts/SF_Toontime_Italic.ttf; sourceTree = "<group>"; };
		F61F9D393337413EBEE488DA /* MaterialCommunityIcons.ttf */ = {isa = PBXFileReference; explicitFileType = undefined; fileEncoding = 9; includeInIndex = 0; lastKnownFileType = unknown; name = MaterialCommunityIcons.ttf; path = ../assets/fonts/MaterialCommunityIcons.ttf; sourceTree = "<group>"; };
		F80DDCB362134574B94857E5 /* MaterialIcons.ttf */ = {isa = PBXFileReference; explicitFileType = undefined; fileEncoding = 9; includeInIndex = 0; lastKnownFileType = unknown; name = MaterialIcons.ttf; path = "../node_modules/react-native-vector-icons/Fonts/MaterialIcons.ttf"; sourceTree = "<group>"; };
		FA744380270A4EF5AB81516F /* Nunito-ExtraBold.ttf */ = {isa = PBXFileReference; explicitFileType = undefined; fileEncoding = 9; includeInIndex = 0; lastKnownFileType = unknown; name = "Nunito-ExtraBold.ttf"; path = "../node_modules/react-native-vector-icons/Fonts/Nunito-ExtraBold.ttf"; sourceTree = "<group>"; };
		FB842B0AF2B745FE92C0EE71 /* SF_Toontime_Bold.ttf */ = {isa = PBXFileReference; explicitFileType = undefined; fileEncoding = 9; includeInIndex = 0; lastKnownFileType = unknown; name = SF_Toontime_Bold.ttf; path = "../node_modules/react-native-vector-icons/Fonts/SF_Toontime_Bold.ttf"; sourceTree = "<group>"; };
/* End PBXFileReference section */

/* Begin PBXFrameworksBuildPhase section */
		00E356EB1AD99517003FC87E /* Frameworks */ = {
			isa = PBXFrameworksBuildPhase;
			buildActionMask = 2147483647;
			files = (
				65A7D28A8FB9BC8673C7F2B8 /* libPods-letmefyTests.a in Frameworks */,
			);
			runOnlyForDeploymentPostprocessing = 0;
		};
		13B07F8C1A680F5B00A75B9A /* Frameworks */ = {
			isa = PBXFrameworksBuildPhase;
			buildActionMask = 2147483647;
			files = (
				275D1494232A356B00C5BC05 /* libz.tbd in Frameworks */,
				275D1492232A355E00C5BC05 /* SystemConfiguration.framework in Frameworks */,
				275D1490232A355600C5BC05 /* SafariServices.framework in Frameworks */,
				275D148E232A354F00C5BC05 /* AddressBook.framework in Frameworks */,
				79CF6478CCF0C8C6F24687AC /* libPods-letmefy.a in Frameworks */,
			);
			runOnlyForDeploymentPostprocessing = 0;
		};
		2D02E4781E0B4A5D006451C7 /* Frameworks */ = {
			isa = PBXFrameworksBuildPhase;
			buildActionMask = 2147483647;
			files = (
				0DD67E820328810C433060ED /* libPods-letmefy-tvOS.a in Frameworks */,
			);
			runOnlyForDeploymentPostprocessing = 0;
		};
		2D02E48D1E0B4A5D006451C7 /* Frameworks */ = {
			isa = PBXFrameworksBuildPhase;
			buildActionMask = 2147483647;
			files = (
				3284E99302E18876574F1715 /* libPods-letmefy-tvOSTests.a in Frameworks */,
			);
			runOnlyForDeploymentPostprocessing = 0;
		};
/* End PBXFrameworksBuildPhase section */

/* Begin PBXGroup section */
		00E356EF1AD99517003FC87E /* letmefyTests */ = {
			isa = PBXGroup;
			children = (
				00E356F21AD99517003FC87E /* letmefyTests.m */,
				00E356F01AD99517003FC87E /* Supporting Files */,
			);
			path = letmefyTests;
			sourceTree = "<group>";
		};
		00E356F01AD99517003FC87E /* Supporting Files */ = {
			isa = PBXGroup;
			children = (
				00E356F11AD99517003FC87E /* Info.plist */,
			);
			name = "Supporting Files";
			sourceTree = "<group>";
		};
		13B07FAE1A68108700A75B9A /* letmefy */ = {
			isa = PBXGroup;
			children = (
				27770D4523268F5100BF5AA2 /* GoogleService-Info.plist */,
				008F07F21AC5B25A0029DE68 /* main.jsbundle */,
				13B07FAF1A68108700A75B9A /* AppDelegate.h */,
				13B07FB01A68108700A75B9A /* AppDelegate.m */,
				13B07FB51A68108700A75B9A /* Images.xcassets */,
				13B07FB61A68108700A75B9A /* Info.plist */,
				13B07FB11A68108700A75B9A /* LaunchScreen.xib */,
				13B07FB71A68108700A75B9A /* main.m */,
			);
			name = letmefy;
			sourceTree = "<group>";
		};
		278B85D3231A81F0000F4B24 /* fonts */ = {
			isa = PBXGroup;
			children = (
				278B85C0231A8049000F4B24 /* AntDesign.ttf */,
				278B85C3231A8049000F4B24 /* Entypo.ttf */,
				278B85C1231A8049000F4B24 /* EvilIcons.ttf */,
				278B85C2231A8049000F4B24 /* Feather.ttf */,
				278B85BA231A8047000F4B24 /* FontAwesome.ttf */,
				278B85C5231A804A000F4B24 /* FontAwesome5_Brands.ttf */,
				278B85BF231A8048000F4B24 /* FontAwesome5_Regular.ttf */,
				278B85BE231A8048000F4B24 /* FontAwesome5_Solid.ttf */,
				278B85B9231A8047000F4B24 /* Fontisto.ttf */,
				278B85C4231A804A000F4B24 /* Foundation.ttf */,
				278B85BB231A8048000F4B24 /* Ionicons.ttf */,
				278B85BD231A8048000F4B24 /* MaterialCommunityIcons.ttf */,
				278B85BC231A8048000F4B24 /* MaterialIcons.ttf */,
				278B8596231A800D000F4B24 /* DINCondensed-Bold.ttf */,
				278B858F231A800C000F4B24 /* Gibson-Regular.ttf */,
				278B8584231A800A000F4B24 /* Montserrat-Bold.otf */,
				278B8585231A800A000F4B24 /* Montserrat-BoldItalic.otf */,
				278B8594231A800D000F4B24 /* Montserrat-Medium.otf */,
				278B8592231A800C000F4B24 /* Montserrat-MediumItalic.otf */,
				278B8581231A8009000F4B24 /* Montserrat-Regular.otf */,
				278B8590231A800C000F4B24 /* Montserrat-SemiBold.otf */,
				278B857F231A8009000F4B24 /* Nunito-Black.ttf */,
				278B858B231A800B000F4B24 /* Nunito-BlackItalic.ttf */,
				278B8591231A800C000F4B24 /* Nunito-Bold.ttf */,
				278B8587231A800A000F4B24 /* Nunito-BoldItalic.ttf */,
				278B8589231A800B000F4B24 /* Nunito-ExtraBold.ttf */,
				278B858E231A800C000F4B24 /* Nunito-ExtraBoldItalic.ttf */,
				278B8586231A800A000F4B24 /* Nunito-ExtraLight.ttf */,
				278B8597231A800D000F4B24 /* Nunito-ExtraLightItalic.ttf */,
				278B858D231A800B000F4B24 /* Nunito-Italic.ttf */,
				278B858A231A800B000F4B24 /* Nunito-Light.ttf */,
				278B8582231A8009000F4B24 /* Nunito-LightItalic.ttf */,
				278B8580231A8009000F4B24 /* Nunito-Regular.ttf */,
				278B858C231A800B000F4B24 /* Nunito-SemiBold.ttf */,
				278B859B231A800E000F4B24 /* Nunito-SemiBoldItalic.ttf */,
				278B8595231A800D000F4B24 /* Polsku.ttf */,
				278B8599231A800E000F4B24 /* SF_Toontime_Blotch_Italic.ttf */,
				278B8593231A800C000F4B24 /* SF_Toontime_Blotch.ttf */,
				278B8598231A800D000F4B24 /* SF_Toontime_Bold_Italic.ttf */,
				278B8588231A800A000F4B24 /* SF_Toontime_Bold.ttf */,
				278B859A231A800E000F4B24 /* SF_Toontime_Italic.ttf */,
				278B8583231A800A000F4B24 /* SF_Toontime.ttf */,
			);
			path = fonts;
			sourceTree = "<group>";
		};
		2D16E6871FA4F8E400B85C8A /* Frameworks */ = {
			isa = PBXGroup;
			children = (
				275D1493232A356B00C5BC05 /* libz.tbd */,
				275D1491232A355E00C5BC05 /* SystemConfiguration.framework */,
				275D148F232A355600C5BC05 /* SafariServices.framework */,
				275D148D232A354F00C5BC05 /* AddressBook.framework */,
				ED297162215061F000B7C4FE /* JavaScriptCore.framework */,
				ED2971642150620600B7C4FE /* JavaScriptCore.framework */,
				61A3E8BCFF0D93A3529889D2 /* libPods-letmefy.a */,
				4006DAA04D74574B0EA0AA48 /* libPods-letmefy-tvOS.a */,
				8E54027F1300DBA7B3700A4D /* libPods-letmefy-tvOSTests.a */,
				3EBD650B245F6BBDF1FBAA82 /* libPods-letmefyTests.a */,
			);
			name = Frameworks;
			sourceTree = "<group>";
		};
		65C0B07CEEB54D289684A03B /* Resources */ = {
			isa = PBXGroup;
			children = (
				6C096D38DE7345CBA21749F0 /* Nunito-Black.ttf */,
				83F74DD32E084E35870ECFA7 /* Nunito-BlackItalic.ttf */,
				D0A232A62BA6418DAA94FE6F /* Nunito-Bold.ttf */,
				473B461951354AE295416EA4 /* Nunito-BoldItalic.ttf */,
				FA744380270A4EF5AB81516F /* Nunito-ExtraBold.ttf */,
				AF0B6EB3E60E46BA9D2C7AD5 /* Nunito-ExtraBoldItalic.ttf */,
				BAE1C7FC1AC443788E936B36 /* Nunito-ExtraLight.ttf */,
				961887CFA1494CFF84D02699 /* Nunito-ExtraLightItalic.ttf */,
				E813AD6A3CC44D7299E4B122 /* Nunito-Italic.ttf */,
				21D97FA5D86B4C49A253873A /* Nunito-Light.ttf */,
				12607C065EDF4DB4BD08646A /* Nunito-LightItalic.ttf */,
				4106E5EFC05540DA97FDBA61 /* Nunito-Regular.ttf */,
				53A555910E4245538EDB4C6D /* Nunito-SemiBold.ttf */,
				D64DC3BA58E6468384C34276 /* Nunito-SemiBoldItalic.ttf */,
				CE63B354A3BD4FD897A9AEB2 /* Octicons.ttf */,
				181DFDCDA00A4679B7F941CC /* Polsku.ttf */,
				99D6F45284114E01AD7DF7AB /* SF_Toontime_Blotch_Italic.ttf */,
				6FED6426F1DC4A1696D31F69 /* SF_Toontime_Blotch.ttf */,
				C671EF3A1ECF4A4EB676AAE1 /* SF_Toontime_Bold_Italic.ttf */,
				FB842B0AF2B745FE92C0EE71 /* SF_Toontime_Bold.ttf */,
				C48910523A3B47A68CBDE932 /* SF_Toontime_Italic.ttf */,
				8336DEE03AF14E94B28A6B11 /* SF_Toontime.ttf */,
				1BFB4CB7A2454F4AA4CFC171 /* SimpleLineIcons.ttf */,
				133CB580E05E40FCA0E71952 /* Zocial.ttf */,
				90B1D05F182A446DBB51810F /* AntDesign.ttf */,
				657FAEE1775E43D184F5AA56 /* Entypo.ttf */,
				26C5579C426242878C5A4F74 /* EvilIcons.ttf */,
				D658803481F4456BB03CCB46 /* Feather.ttf */,
				AD34F339747846C6BC02C3B9 /* FontAwesome.ttf */,
				4095F662C6C842F8B2F97D96 /* FontAwesome5_Brands.ttf */,
				D42E86582B214377AEBF0B65 /* FontAwesome5_Regular.ttf */,
				C43C890E6B064D1D9E8EC34F /* FontAwesome5_Solid.ttf */,
				BA75CABB40964845BA3D24BB /* Fontisto.ttf */,
				14D9955A658648D9886E68A2 /* Foundation.ttf */,
				E2E2E233199E4A13936C4C29 /* Gibson-Regular.ttf */,
				5E1B52098D4C461F802FE37C /* Ionicons.ttf */,
				F61F9D393337413EBEE488DA /* MaterialCommunityIcons.ttf */,
				96491B3CFE6048128990C308 /* MaterialIcons.ttf */,
				951802E6B91A44A1846938FC /* Montserrat-Bold.otf */,
				CA14C920FF2F49A2BFF4C9FD /* Montserrat-BoldItalic.otf */,
				D0459C985E9740CB851BCE8D /* Montserrat-Medium.otf */,
				C14426D00A8540BFB9E77F70 /* Montserrat-MediumItalic.otf */,
				00646565253C45E18308D2BF /* Montserrat-Regular.otf */,
				948AAF49B97549A8BFF66056 /* Montserrat-SemiBold.otf */,
				C0AF8B7B2B4D4B018A0DDDE7 /* SF_Toontime_Blotch_Italic.ttf */,
				2534BDAAE8CE4F2A9EEE6A10 /* SF_Toontime_Blotch.ttf */,
				06945A806E93405DBCAD02A9 /* SF_Toontime_Bold_Italic.ttf */,
				5F44148F78EF45D58981101D /* SF_Toontime_Bold.ttf */,
				F194C697FAAB4DCABC17348D /* SF_Toontime_Italic.ttf */,
				8A0B3FA1A8DC4F2B8DBAA708 /* SF_Toontime.ttf */,
				1D806875C84D471E91BACAC7 /* sftoontimebold.ttf */,
				38D4C3BFF75445E7ABDFE391 /* AntDesign.ttf */,
				9F77ED624C15469CB43C1ABB /* Entypo.ttf */,
				7A06D96A648240FA80BDD41E /* EvilIcons.ttf */,
				B1300127BAF74253B1ACFFD6 /* Feather.ttf */,
				B66B450282E94D9C9790FDE2 /* FontAwesome.ttf */,
				6424B83EAC024BAE901AE9AD /* FontAwesome5_Brands.ttf */,
				D306036E9900481F8B94CC46 /* FontAwesome5_Regular.ttf */,
				886A361F7CF849928F883310 /* FontAwesome5_Solid.ttf */,
				15576B8034724AEB85024D7A /* Fontisto.ttf */,
				85022402A45B4FFB996655EB /* Foundation.ttf */,
				7179E5E3C8C34CBA9053D954 /* Gibson-Regular.ttf */,
				B874C9B307664FFDB42EFEC3 /* Ionicons.ttf */,
				7B003B91A1B644F5A03ED171 /* MaterialCommunityIcons.ttf */,
				F80DDCB362134574B94857E5 /* MaterialIcons.ttf */,
			);
			name = Resources;
			sourceTree = "<group>";
		};
		832341AE1AAA6A7D00B99B32 /* Libraries */ = {
			isa = PBXGroup;
			children = (
			);
			name = Libraries;
			sourceTree = "<group>";
		};
		83CBB9F61A601CBA00E9B192 = {
			isa = PBXGroup;
			children = (
				278B85D3231A81F0000F4B24 /* fonts */,
				13B07FAE1A68108700A75B9A /* letmefy */,
				832341AE1AAA6A7D00B99B32 /* Libraries */,
				00E356EF1AD99517003FC87E /* letmefyTests */,
				83CBBA001A601CBA00E9B192 /* Products */,
				2D16E6871FA4F8E400B85C8A /* Frameworks */,
				E17E85EB260FF16A8EEB9946 /* Pods */,
				65C0B07CEEB54D289684A03B /* Resources */,
			);
			indentWidth = 2;
			sourceTree = "<group>";
			tabWidth = 2;
			usesTabs = 0;
		};
		83CBBA001A601CBA00E9B192 /* Products */ = {
			isa = PBXGroup;
			children = (
				13B07F961A680F5B00A75B9A /* letmefy.app */,
				00E356EE1AD99517003FC87E /* letmefyTests.xctest */,
				2D02E47B1E0B4A5D006451C7 /* letmefy-tvOS.app */,
				2D02E4901E0B4A5D006451C7 /* letmefy-tvOSTests.xctest */,
			);
			name = Products;
			sourceTree = "<group>";
		};
		E17E85EB260FF16A8EEB9946 /* Pods */ = {
			isa = PBXGroup;
			children = (
				AE537822B9C83F2AD8E50986 /* Pods-letmefy.debug.xcconfig */,
				96B2B4683EB9752FFAF6AB5A /* Pods-letmefy.release.xcconfig */,
				0D2C9C240E00205C0750BFF8 /* Pods-letmefy-tvOS.debug.xcconfig */,
				4428AECDB44AA88BFCA427D2 /* Pods-letmefy-tvOS.release.xcconfig */,
				74F7A1B7373AD1F04624213C /* Pods-letmefy-tvOSTests.debug.xcconfig */,
				764FAA94BFFC0FA527FBAA82 /* Pods-letmefy-tvOSTests.release.xcconfig */,
				E86345AD83395FD31A696834 /* Pods-letmefyTests.debug.xcconfig */,
				EDBC9B5EC5C3554842E3EABA /* Pods-letmefyTests.release.xcconfig */,
			);
			name = Pods;
			sourceTree = "<group>";
		};
/* End PBXGroup section */

/* Begin PBXNativeTarget section */
		00E356ED1AD99517003FC87E /* letmefyTests */ = {
			isa = PBXNativeTarget;
			buildConfigurationList = 00E357021AD99517003FC87E /* Build configuration list for PBXNativeTarget "letmefyTests" */;
			buildPhases = (
				81261CDF0A59130F4E02076D /* [CP] Check Pods Manifest.lock */,
				00E356EA1AD99517003FC87E /* Sources */,
				00E356EB1AD99517003FC87E /* Frameworks */,
				00E356EC1AD99517003FC87E /* Resources */,
			);
			buildRules = (
			);
			dependencies = (
				00E356F51AD99517003FC87E /* PBXTargetDependency */,
			);
			name = letmefyTests;
			productName = letmefyTests;
			productReference = 00E356EE1AD99517003FC87E /* letmefyTests.xctest */;
			productType = "com.apple.product-type.bundle.unit-test";
		};
		13B07F861A680F5B00A75B9A /* letmefy */ = {
			isa = PBXNativeTarget;
			buildConfigurationList = 13B07F931A680F5B00A75B9A /* Build configuration list for PBXNativeTarget "letmefy" */;
			buildPhases = (
				EE98A18D8F7E6B47260FFDE9 /* [CP] Check Pods Manifest.lock */,
				FD10A7F022414F080027D42C /* Start Packager */,
				13B07F871A680F5B00A75B9A /* Sources */,
				13B07F8C1A680F5B00A75B9A /* Frameworks */,
				13B07F8E1A680F5B00A75B9A /* Resources */,
				00DD1BFF1BD5951E006B06BC /* Bundle React Native code and images */,
				BE6348FF05F77407E6899401 /* [CP] Copy Pods Resources */,
			);
			buildRules = (
			);
			dependencies = (
			);
			name = letmefy;
			productName = letmefy;
			productReference = 13B07F961A680F5B00A75B9A /* letmefy.app */;
			productType = "com.apple.product-type.application";
		};
		2D02E47A1E0B4A5D006451C7 /* letmefy-tvOS */ = {
			isa = PBXNativeTarget;
			buildConfigurationList = 2D02E4BA1E0B4A5E006451C7 /* Build configuration list for PBXNativeTarget "letmefy-tvOS" */;
			buildPhases = (
				C97403714340F699229EF589 /* [CP] Check Pods Manifest.lock */,
				FD10A7F122414F3F0027D42C /* Start Packager */,
				2D02E4771E0B4A5D006451C7 /* Sources */,
				2D02E4781E0B4A5D006451C7 /* Frameworks */,
				2D02E4791E0B4A5D006451C7 /* Resources */,
				2D02E4CB1E0B4B27006451C7 /* Bundle React Native Code And Images */,
			);
			buildRules = (
			);
			dependencies = (
			);
			name = "letmefy-tvOS";
			productName = "letmefy-tvOS";
			productReference = 2D02E47B1E0B4A5D006451C7 /* letmefy-tvOS.app */;
			productType = "com.apple.product-type.application";
		};
		2D02E48F1E0B4A5D006451C7 /* letmefy-tvOSTests */ = {
			isa = PBXNativeTarget;
			buildConfigurationList = 2D02E4BB1E0B4A5E006451C7 /* Build configuration list for PBXNativeTarget "letmefy-tvOSTests" */;
			buildPhases = (
				8216E731D5F527217A566420 /* [CP] Check Pods Manifest.lock */,
				2D02E48C1E0B4A5D006451C7 /* Sources */,
				2D02E48D1E0B4A5D006451C7 /* Frameworks */,
				2D02E48E1E0B4A5D006451C7 /* Resources */,
			);
			buildRules = (
			);
			dependencies = (
				2D02E4921E0B4A5D006451C7 /* PBXTargetDependency */,
			);
			name = "letmefy-tvOSTests";
			productName = "letmefy-tvOSTests";
			productReference = 2D02E4901E0B4A5D006451C7 /* letmefy-tvOSTests.xctest */;
			productType = "com.apple.product-type.bundle.unit-test";
		};
/* End PBXNativeTarget section */

/* Begin PBXProject section */
		83CBB9F71A601CBA00E9B192 /* Project object */ = {
			isa = PBXProject;
			attributes = {
				LastUpgradeCheck = 940;
				ORGANIZATIONNAME = Facebook;
				TargetAttributes = {
					00E356ED1AD99517003FC87E = {
						CreatedOnToolsVersion = 6.2;
						DevelopmentTeam = 8DK56KEZU2;
						TestTargetID = 13B07F861A680F5B00A75B9A;
					};
					13B07F861A680F5B00A75B9A = {
						DevelopmentTeam = 8DK56KEZU2;
					};
					2D02E47A1E0B4A5D006451C7 = {
						CreatedOnToolsVersion = 8.2.1;
						ProvisioningStyle = Automatic;
					};
					2D02E48F1E0B4A5D006451C7 = {
						CreatedOnToolsVersion = 8.2.1;
						ProvisioningStyle = Automatic;
						TestTargetID = 2D02E47A1E0B4A5D006451C7;
					};
				};
			};
			buildConfigurationList = 83CBB9FA1A601CBA00E9B192 /* Build configuration list for PBXProject "letmefy" */;
			compatibilityVersion = "Xcode 3.2";
			developmentRegion = English;
			hasScannedForEncodings = 0;
			knownRegions = (
				English,
				en,
				Base,
			);
			mainGroup = 83CBB9F61A601CBA00E9B192;
			productRefGroup = 83CBBA001A601CBA00E9B192 /* Products */;
			projectDirPath = "";
			projectRoot = "";
			targets = (
				13B07F861A680F5B00A75B9A /* letmefy */,
				00E356ED1AD99517003FC87E /* letmefyTests */,
				2D02E47A1E0B4A5D006451C7 /* letmefy-tvOS */,
				2D02E48F1E0B4A5D006451C7 /* letmefy-tvOSTests */,
			);
		};
/* End PBXProject section */

/* Begin PBXResourcesBuildPhase section */
		00E356EC1AD99517003FC87E /* Resources */ = {
			isa = PBXResourcesBuildPhase;
			buildActionMask = 2147483647;
			files = (
				278B859C231A800E000F4B24 /* Nunito-Black.ttf in Resources */,
				278B859D231A800E000F4B24 /* Nunito-Regular.ttf in Resources */,
				278B859E231A800E000F4B24 /* Montserrat-Regular.otf in Resources */,
				278B859F231A800E000F4B24 /* Nunito-LightItalic.ttf in Resources */,
				278B85A0231A800E000F4B24 /* SF_Toontime.ttf in Resources */,
				278B85A3231A800E000F4B24 /* Nunito-ExtraLight.ttf in Resources */,
				278B85A4231A800E000F4B24 /* Nunito-BoldItalic.ttf in Resources */,
				278B85A5231A800E000F4B24 /* SF_Toontime_Bold.ttf in Resources */,
				278B85A6231A800E000F4B24 /* Nunito-ExtraBold.ttf in Resources */,
				278B85A7231A800E000F4B24 /* Nunito-Light.ttf in Resources */,
				278B85A8231A800E000F4B24 /* Nunito-BlackItalic.ttf in Resources */,
				278B85A9231A800E000F4B24 /* Nunito-SemiBold.ttf in Resources */,
				278B85AA231A800E000F4B24 /* Nunito-Italic.ttf in Resources */,
				278B85AB231A800E000F4B24 /* Nunito-ExtraBoldItalic.ttf in Resources */,
				278B85AC231A800E000F4B24 /* Gibson-Regular.ttf in Resources */,
				278B85AD231A800E000F4B24 /* Montserrat-SemiBold.otf in Resources */,
				278B85AE231A800E000F4B24 /* Nunito-Bold.ttf in Resources */,
				278B85AF231A800E000F4B24 /* Montserrat-MediumItalic.otf in Resources */,
				278B85B0231A800E000F4B24 /* SF_Toontime_Blotch.ttf in Resources */,
				278B85B1231A800E000F4B24 /* Montserrat-Medium.otf in Resources */,
				278B85B2231A800E000F4B24 /* Polsku.ttf in Resources */,
				278B85B3231A800E000F4B24 /* DINCondensed-Bold.ttf in Resources */,
				278B85B4231A800E000F4B24 /* Nunito-ExtraLightItalic.ttf in Resources */,
				278B85B5231A800E000F4B24 /* SF_Toontime_Bold_Italic.ttf in Resources */,
				278B85B6231A800E000F4B24 /* SF_Toontime_Blotch_Italic.ttf in Resources */,
				278B85B7231A800E000F4B24 /* SF_Toontime_Italic.ttf in Resources */,
				278B85B8231A800E000F4B24 /* Nunito-SemiBoldItalic.ttf in Resources */,
			);
			runOnlyForDeploymentPostprocessing = 0;
		};
		13B07F8E1A680F5B00A75B9A /* Resources */ = {
			isa = PBXResourcesBuildPhase;
			buildActionMask = 2147483647;
			files = (
				277715822323F372005F67AD /* AntDesign.ttf in Resources */,
				277715832323F372005F67AD /* Entypo.ttf in Resources */,
				27770D4623268F5100BF5AA2 /* GoogleService-Info.plist in Resources */,
				277715842323F372005F67AD /* EvilIcons.ttf in Resources */,
				277715852323F372005F67AD /* Feather.ttf in Resources */,
				277715862323F372005F67AD /* FontAwesome.ttf in Resources */,
				277715872323F372005F67AD /* FontAwesome5_Brands.ttf in Resources */,
				277715882323F372005F67AD /* FontAwesome5_Regular.ttf in Resources */,
				277715892323F372005F67AD /* FontAwesome5_Solid.ttf in Resources */,
				2777158A2323F372005F67AD /* Fontisto.ttf in Resources */,
				275D148A232A2C3200C5BC05 /* Info.plist in Resources */,
				2777158B2323F372005F67AD /* Foundation.ttf in Resources */,
				2777158C2323F372005F67AD /* Ionicons.ttf in Resources */,
				2777158D2323F372005F67AD /* MaterialCommunityIcons.ttf in Resources */,
				2777158E2323F372005F67AD /* MaterialIcons.ttf in Resources */,
				2777158F2323F372005F67AD /* DINCondensed-Bold.ttf in Resources */,
				277715902323F372005F67AD /* Gibson-Regular.ttf in Resources */,
				277715912323F372005F67AD /* Montserrat-Bold.otf in Resources */,
				277715922323F372005F67AD /* Montserrat-BoldItalic.otf in Resources */,
				277715932323F372005F67AD /* Montserrat-Medium.otf in Resources */,
				277715942323F372005F67AD /* Montserrat-MediumItalic.otf in Resources */,
				277715952323F372005F67AD /* Montserrat-Regular.otf in Resources */,
				277715962323F372005F67AD /* Montserrat-SemiBold.otf in Resources */,
				277715972323F372005F67AD /* Nunito-Black.ttf in Resources */,
				277715982323F372005F67AD /* Nunito-BlackItalic.ttf in Resources */,
				277715992323F372005F67AD /* Nunito-Bold.ttf in Resources */,
				2777159A2323F372005F67AD /* Nunito-BoldItalic.ttf in Resources */,
				2777159B2323F372005F67AD /* Nunito-ExtraBold.ttf in Resources */,
				2777159C2323F372005F67AD /* Nunito-ExtraBoldItalic.ttf in Resources */,
				2777159D2323F372005F67AD /* Nunito-ExtraLight.ttf in Resources */,
				2777159E2323F372005F67AD /* Nunito-ExtraLightItalic.ttf in Resources */,
				2777159F2323F372005F67AD /* Nunito-Italic.ttf in Resources */,
				277715A02323F372005F67AD /* Nunito-Light.ttf in Resources */,
				277715A12323F372005F67AD /* Nunito-LightItalic.ttf in Resources */,
				277715A22323F372005F67AD /* Nunito-Regular.ttf in Resources */,
				277715A32323F372005F67AD /* Nunito-SemiBold.ttf in Resources */,
				277715A42323F372005F67AD /* Nunito-SemiBoldItalic.ttf in Resources */,
				277715A52323F372005F67AD /* Polsku.ttf in Resources */,
				277715A62323F372005F67AD /* SF_Toontime_Blotch_Italic.ttf in Resources */,
				277715A72323F372005F67AD /* SF_Toontime_Blotch.ttf in Resources */,
				277715A82323F372005F67AD /* SF_Toontime_Bold_Italic.ttf in Resources */,
				277715A92323F372005F67AD /* SF_Toontime_Bold.ttf in Resources */,
				277715AA2323F372005F67AD /* SF_Toontime_Italic.ttf in Resources */,
				277715AB2323F372005F67AD /* SF_Toontime.ttf in Resources */,
				13B07FBF1A68108700A75B9A /* Images.xcassets in Resources */,
				13B07FBD1A68108700A75B9A /* LaunchScreen.xib in Resources */,
			);
			runOnlyForDeploymentPostprocessing = 0;
		};
		2D02E4791E0B4A5D006451C7 /* Resources */ = {
			isa = PBXResourcesBuildPhase;
			buildActionMask = 2147483647;
			files = (
				2D02E4BD1E0B4A84006451C7 /* Images.xcassets in Resources */,
			);
			runOnlyForDeploymentPostprocessing = 0;
		};
		2D02E48E1E0B4A5D006451C7 /* Resources */ = {
			isa = PBXResourcesBuildPhase;
			buildActionMask = 2147483647;
			files = (
			);
			runOnlyForDeploymentPostprocessing = 0;
		};
/* End PBXResourcesBuildPhase section */

/* Begin PBXShellScriptBuildPhase section */
		00DD1BFF1BD5951E006B06BC /* Bundle React Native code and images */ = {
			isa = PBXShellScriptBuildPhase;
			buildActionMask = 2147483647;
			files = (
			);
			inputPaths = (
			);
			name = "Bundle React Native code and images";
			outputPaths = (
			);
			runOnlyForDeploymentPostprocessing = 0;
			shellPath = /bin/sh;
			shellScript = "export NODE_BINARY=node\n../node_modules/react-native/scripts/react-native-xcode.sh";
		};
		2D02E4CB1E0B4B27006451C7 /* Bundle React Native Code And Images */ = {
			isa = PBXShellScriptBuildPhase;
			buildActionMask = 2147483647;
			files = (
			);
			inputPaths = (
			);
			name = "Bundle React Native Code And Images";
			outputPaths = (
			);
			runOnlyForDeploymentPostprocessing = 0;
			shellPath = /bin/sh;
			shellScript = "export NODE_BINARY=node\n../node_modules/react-native/scripts/react-native-xcode.sh";
		};
		81261CDF0A59130F4E02076D /* [CP] Check Pods Manifest.lock */ = {
			isa = PBXShellScriptBuildPhase;
			buildActionMask = 2147483647;
			files = (
			);
			inputPaths = (
				"${PODS_PODFILE_DIR_PATH}/Podfile.lock",
				"${PODS_ROOT}/Manifest.lock",
			);
			name = "[CP] Check Pods Manifest.lock";
			outputPaths = (
				"$(DERIVED_FILE_DIR)/Pods-letmefyTests-checkManifestLockResult.txt",
			);
			runOnlyForDeploymentPostprocessing = 0;
			shellPath = /bin/sh;
			shellScript = "diff \"${PODS_PODFILE_DIR_PATH}/Podfile.lock\" \"${PODS_ROOT}/Manifest.lock\" > /dev/null\nif [ $? != 0 ] ; then\n    # print error to STDERR\n    echo \"error: The sandbox is not in sync with the Podfile.lock. Run 'pod install' or update your CocoaPods installation.\" >&2\n    exit 1\nfi\n# This output is used by Xcode 'outputs' to avoid re-running this script phase.\necho \"SUCCESS\" > \"${SCRIPT_OUTPUT_FILE_0}\"\n";
			showEnvVarsInLog = 0;
		};
		8216E731D5F527217A566420 /* [CP] Check Pods Manifest.lock */ = {
			isa = PBXShellScriptBuildPhase;
			buildActionMask = 2147483647;
			files = (
			);
			inputPaths = (
				"${PODS_PODFILE_DIR_PATH}/Podfile.lock",
				"${PODS_ROOT}/Manifest.lock",
			);
			name = "[CP] Check Pods Manifest.lock";
			outputPaths = (
				"$(DERIVED_FILE_DIR)/Pods-letmefy-tvOSTests-checkManifestLockResult.txt",
			);
			runOnlyForDeploymentPostprocessing = 0;
			shellPath = /bin/sh;
			shellScript = "diff \"${PODS_PODFILE_DIR_PATH}/Podfile.lock\" \"${PODS_ROOT}/Manifest.lock\" > /dev/null\nif [ $? != 0 ] ; then\n    # print error to STDERR\n    echo \"error: The sandbox is not in sync with the Podfile.lock. Run 'pod install' or update your CocoaPods installation.\" >&2\n    exit 1\nfi\n# This output is used by Xcode 'outputs' to avoid re-running this script phase.\necho \"SUCCESS\" > \"${SCRIPT_OUTPUT_FILE_0}\"\n";
			showEnvVarsInLog = 0;
		};
		BE6348FF05F77407E6899401 /* [CP] Copy Pods Resources */ = {
			isa = PBXShellScriptBuildPhase;
			buildActionMask = 2147483647;
			files = (
			);
			inputPaths = (
				"${SRCROOT}/Pods/Target Support Files/Pods-letmefy/Pods-letmefy-resources.sh",
				"${PODS_ROOT}/FBSDKCoreKit/FacebookSDKStrings.bundle",
				"${PODS_ROOT}/GoogleSignIn/Resources/GoogleSignIn.bundle",
				"${PODS_ROOT}/../../node_modules/react-native-vector-icons/Fonts/AntDesign.ttf",
				"${PODS_ROOT}/../../node_modules/react-native-vector-icons/Fonts/Entypo.ttf",
				"${PODS_ROOT}/../../node_modules/react-native-vector-icons/Fonts/EvilIcons.ttf",
				"${PODS_ROOT}/../../node_modules/react-native-vector-icons/Fonts/Feather.ttf",
				"${PODS_ROOT}/../../node_modules/react-native-vector-icons/Fonts/FontAwesome.ttf",
				"${PODS_ROOT}/../../node_modules/react-native-vector-icons/Fonts/FontAwesome5_Brands.ttf",
				"${PODS_ROOT}/../../node_modules/react-native-vector-icons/Fonts/FontAwesome5_Regular.ttf",
				"${PODS_ROOT}/../../node_modules/react-native-vector-icons/Fonts/FontAwesome5_Solid.ttf",
				"${PODS_ROOT}/../../node_modules/react-native-vector-icons/Fonts/Fontisto.ttf",
				"${PODS_ROOT}/../../node_modules/react-native-vector-icons/Fonts/Foundation.ttf",
				"${PODS_ROOT}/../../node_modules/react-native-vector-icons/Fonts/Gibson-Regular.ttf",
				"${PODS_ROOT}/../../node_modules/react-native-vector-icons/Fonts/Ionicons.ttf",
				"${PODS_ROOT}/../../node_modules/react-native-vector-icons/Fonts/MaterialCommunityIcons.ttf",
				"${PODS_ROOT}/../../node_modules/react-native-vector-icons/Fonts/MaterialIcons.ttf",
				"${PODS_ROOT}/../../node_modules/react-native-vector-icons/Fonts/Nunito-Black.ttf",
				"${PODS_ROOT}/../../node_modules/react-native-vector-icons/Fonts/Nunito-BlackItalic.ttf",
				"${PODS_ROOT}/../../node_modules/react-native-vector-icons/Fonts/Nunito-Bold.ttf",
				"${PODS_ROOT}/../../node_modules/react-native-vector-icons/Fonts/Nunito-BoldItalic.ttf",
				"${PODS_ROOT}/../../node_modules/react-native-vector-icons/Fonts/Nunito-ExtraBold.ttf",
				"${PODS_ROOT}/../../node_modules/react-native-vector-icons/Fonts/Nunito-ExtraBoldItalic.ttf",
				"${PODS_ROOT}/../../node_modules/react-native-vector-icons/Fonts/Nunito-ExtraLight.ttf",
				"${PODS_ROOT}/../../node_modules/react-native-vector-icons/Fonts/Nunito-ExtraLightItalic.ttf",
				"${PODS_ROOT}/../../node_modules/react-native-vector-icons/Fonts/Nunito-Italic.ttf",
				"${PODS_ROOT}/../../node_modules/react-native-vector-icons/Fonts/Nunito-Light.ttf",
				"${PODS_ROOT}/../../node_modules/react-native-vector-icons/Fonts/Nunito-LightItalic.ttf",
				"${PODS_ROOT}/../../node_modules/react-native-vector-icons/Fonts/Nunito-Regular.ttf",
				"${PODS_ROOT}/../../node_modules/react-native-vector-icons/Fonts/Nunito-SemiBold.ttf",
				"${PODS_ROOT}/../../node_modules/react-native-vector-icons/Fonts/Nunito-SemiBoldItalic.ttf",
				"${PODS_ROOT}/../../node_modules/react-native-vector-icons/Fonts/Octicons.ttf",
				"${PODS_ROOT}/../../node_modules/react-native-vector-icons/Fonts/Polsku.ttf",
				"${PODS_ROOT}/../../node_modules/react-native-vector-icons/Fonts/SF_Toontime.ttf",
				"${PODS_ROOT}/../../node_modules/react-native-vector-icons/Fonts/SF_Toontime_Blotch.ttf",
				"${PODS_ROOT}/../../node_modules/react-native-vector-icons/Fonts/SF_Toontime_Blotch_Italic.ttf",
				"${PODS_ROOT}/../../node_modules/react-native-vector-icons/Fonts/SF_Toontime_Bold.ttf",
				"${PODS_ROOT}/../../node_modules/react-native-vector-icons/Fonts/SF_Toontime_Bold_Italic.ttf",
				"${PODS_ROOT}/../../node_modules/react-native-vector-icons/Fonts/SF_Toontime_Italic.ttf",
				"${PODS_ROOT}/../../node_modules/react-native-vector-icons/Fonts/SimpleLineIcons.ttf",
				"${PODS_ROOT}/../../node_modules/react-native-vector-icons/Fonts/Zocial.ttf",
			);
			name = "[CP] Copy Pods Resources";
			outputPaths = (
				"${TARGET_BUILD_DIR}/${UNLOCALIZED_RESOURCES_FOLDER_PATH}/FacebookSDKStrings.bundle",
				"${TARGET_BUILD_DIR}/${UNLOCALIZED_RESOURCES_FOLDER_PATH}/GoogleSignIn.bundle",
				"${TARGET_BUILD_DIR}/${UNLOCALIZED_RESOURCES_FOLDER_PATH}/AntDesign.ttf",
				"${TARGET_BUILD_DIR}/${UNLOCALIZED_RESOURCES_FOLDER_PATH}/Entypo.ttf",
				"${TARGET_BUILD_DIR}/${UNLOCALIZED_RESOURCES_FOLDER_PATH}/EvilIcons.ttf",
				"${TARGET_BUILD_DIR}/${UNLOCALIZED_RESOURCES_FOLDER_PATH}/Feather.ttf",
				"${TARGET_BUILD_DIR}/${UNLOCALIZED_RESOURCES_FOLDER_PATH}/FontAwesome.ttf",
				"${TARGET_BUILD_DIR}/${UNLOCALIZED_RESOURCES_FOLDER_PATH}/FontAwesome5_Brands.ttf",
				"${TARGET_BUILD_DIR}/${UNLOCALIZED_RESOURCES_FOLDER_PATH}/FontAwesome5_Regular.ttf",
				"${TARGET_BUILD_DIR}/${UNLOCALIZED_RESOURCES_FOLDER_PATH}/FontAwesome5_Solid.ttf",
				"${TARGET_BUILD_DIR}/${UNLOCALIZED_RESOURCES_FOLDER_PATH}/Fontisto.ttf",
				"${TARGET_BUILD_DIR}/${UNLOCALIZED_RESOURCES_FOLDER_PATH}/Foundation.ttf",
				"${TARGET_BUILD_DIR}/${UNLOCALIZED_RESOURCES_FOLDER_PATH}/Gibson-Regular.ttf",
				"${TARGET_BUILD_DIR}/${UNLOCALIZED_RESOURCES_FOLDER_PATH}/Ionicons.ttf",
				"${TARGET_BUILD_DIR}/${UNLOCALIZED_RESOURCES_FOLDER_PATH}/MaterialCommunityIcons.ttf",
				"${TARGET_BUILD_DIR}/${UNLOCALIZED_RESOURCES_FOLDER_PATH}/MaterialIcons.ttf",
				"${TARGET_BUILD_DIR}/${UNLOCALIZED_RESOURCES_FOLDER_PATH}/Nunito-Black.ttf",
				"${TARGET_BUILD_DIR}/${UNLOCALIZED_RESOURCES_FOLDER_PATH}/Nunito-BlackItalic.ttf",
				"${TARGET_BUILD_DIR}/${UNLOCALIZED_RESOURCES_FOLDER_PATH}/Nunito-Bold.ttf",
				"${TARGET_BUILD_DIR}/${UNLOCALIZED_RESOURCES_FOLDER_PATH}/Nunito-BoldItalic.ttf",
				"${TARGET_BUILD_DIR}/${UNLOCALIZED_RESOURCES_FOLDER_PATH}/Nunito-ExtraBold.ttf",
				"${TARGET_BUILD_DIR}/${UNLOCALIZED_RESOURCES_FOLDER_PATH}/Nunito-ExtraBoldItalic.ttf",
				"${TARGET_BUILD_DIR}/${UNLOCALIZED_RESOURCES_FOLDER_PATH}/Nunito-ExtraLight.ttf",
				"${TARGET_BUILD_DIR}/${UNLOCALIZED_RESOURCES_FOLDER_PATH}/Nunito-ExtraLightItalic.ttf",
				"${TARGET_BUILD_DIR}/${UNLOCALIZED_RESOURCES_FOLDER_PATH}/Nunito-Italic.ttf",
				"${TARGET_BUILD_DIR}/${UNLOCALIZED_RESOURCES_FOLDER_PATH}/Nunito-Light.ttf",
				"${TARGET_BUILD_DIR}/${UNLOCALIZED_RESOURCES_FOLDER_PATH}/Nunito-LightItalic.ttf",
				"${TARGET_BUILD_DIR}/${UNLOCALIZED_RESOURCES_FOLDER_PATH}/Nunito-Regular.ttf",
				"${TARGET_BUILD_DIR}/${UNLOCALIZED_RESOURCES_FOLDER_PATH}/Nunito-SemiBold.ttf",
				"${TARGET_BUILD_DIR}/${UNLOCALIZED_RESOURCES_FOLDER_PATH}/Nunito-SemiBoldItalic.ttf",
				"${TARGET_BUILD_DIR}/${UNLOCALIZED_RESOURCES_FOLDER_PATH}/Octicons.ttf",
				"${TARGET_BUILD_DIR}/${UNLOCALIZED_RESOURCES_FOLDER_PATH}/Polsku.ttf",
				"${TARGET_BUILD_DIR}/${UNLOCALIZED_RESOURCES_FOLDER_PATH}/SF_Toontime.ttf",
				"${TARGET_BUILD_DIR}/${UNLOCALIZED_RESOURCES_FOLDER_PATH}/SF_Toontime_Blotch.ttf",
				"${TARGET_BUILD_DIR}/${UNLOCALIZED_RESOURCES_FOLDER_PATH}/SF_Toontime_Blotch_Italic.ttf",
				"${TARGET_BUILD_DIR}/${UNLOCALIZED_RESOURCES_FOLDER_PATH}/SF_Toontime_Bold.ttf",
				"${TARGET_BUILD_DIR}/${UNLOCALIZED_RESOURCES_FOLDER_PATH}/SF_Toontime_Bold_Italic.ttf",
				"${TARGET_BUILD_DIR}/${UNLOCALIZED_RESOURCES_FOLDER_PATH}/SF_Toontime_Italic.ttf",
				"${TARGET_BUILD_DIR}/${UNLOCALIZED_RESOURCES_FOLDER_PATH}/SimpleLineIcons.ttf",
				"${TARGET_BUILD_DIR}/${UNLOCALIZED_RESOURCES_FOLDER_PATH}/Zocial.ttf",
			);
			runOnlyForDeploymentPostprocessing = 0;
			shellPath = /bin/sh;
			shellScript = "\"${SRCROOT}/Pods/Target Support Files/Pods-letmefy/Pods-letmefy-resources.sh\"\n";
			showEnvVarsInLog = 0;
		};
		C97403714340F699229EF589 /* [CP] Check Pods Manifest.lock */ = {
			isa = PBXShellScriptBuildPhase;
			buildActionMask = 2147483647;
			files = (
			);
			inputPaths = (
				"${PODS_PODFILE_DIR_PATH}/Podfile.lock",
				"${PODS_ROOT}/Manifest.lock",
			);
			name = "[CP] Check Pods Manifest.lock";
			outputPaths = (
				"$(DERIVED_FILE_DIR)/Pods-letmefy-tvOS-checkManifestLockResult.txt",
			);
			runOnlyForDeploymentPostprocessing = 0;
			shellPath = /bin/sh;
			shellScript = "diff \"${PODS_PODFILE_DIR_PATH}/Podfile.lock\" \"${PODS_ROOT}/Manifest.lock\" > /dev/null\nif [ $? != 0 ] ; then\n    # print error to STDERR\n    echo \"error: The sandbox is not in sync with the Podfile.lock. Run 'pod install' or update your CocoaPods installation.\" >&2\n    exit 1\nfi\n# This output is used by Xcode 'outputs' to avoid re-running this script phase.\necho \"SUCCESS\" > \"${SCRIPT_OUTPUT_FILE_0}\"\n";
			showEnvVarsInLog = 0;
		};
		EE98A18D8F7E6B47260FFDE9 /* [CP] Check Pods Manifest.lock */ = {
			isa = PBXShellScriptBuildPhase;
			buildActionMask = 2147483647;
			files = (
			);
			inputPaths = (
				"${PODS_PODFILE_DIR_PATH}/Podfile.lock",
				"${PODS_ROOT}/Manifest.lock",
			);
			name = "[CP] Check Pods Manifest.lock";
			outputPaths = (
				"$(DERIVED_FILE_DIR)/Pods-letmefy-checkManifestLockResult.txt",
			);
			runOnlyForDeploymentPostprocessing = 0;
			shellPath = /bin/sh;
			shellScript = "diff \"${PODS_PODFILE_DIR_PATH}/Podfile.lock\" \"${PODS_ROOT}/Manifest.lock\" > /dev/null\nif [ $? != 0 ] ; then\n    # print error to STDERR\n    echo \"error: The sandbox is not in sync with the Podfile.lock. Run 'pod install' or update your CocoaPods installation.\" >&2\n    exit 1\nfi\n# This output is used by Xcode 'outputs' to avoid re-running this script phase.\necho \"SUCCESS\" > \"${SCRIPT_OUTPUT_FILE_0}\"\n";
			showEnvVarsInLog = 0;
		};
		FD10A7F022414F080027D42C /* Start Packager */ = {
			isa = PBXShellScriptBuildPhase;
			buildActionMask = 2147483647;
			files = (
			);
			inputPaths = (
			);
			name = "Start Packager";
			outputPaths = (
			);
			runOnlyForDeploymentPostprocessing = 0;
			shellPath = /bin/sh;
			shellScript = "export RCT_METRO_PORT=\"${RCT_METRO_PORT:=8081}\"\necho \"export RCT_METRO_PORT=${RCT_METRO_PORT}\" > \"${SRCROOT}/../node_modules/react-native/scripts/.packager.env\"\nif [ -z \"${RCT_NO_LAUNCH_PACKAGER+xxx}\" ] ; then\n  if nc -w 5 -z localhost ${RCT_METRO_PORT} ; then\n    if ! curl -s \"http://localhost:${RCT_METRO_PORT}/status\" | grep -q \"packager-status:running\" ; then\n      echo \"Port ${RCT_METRO_PORT} already in use, packager is either not running or not running correctly\"\n      exit 2\n    fi\n  else\n    open \"$SRCROOT/../node_modules/react-native/scripts/launchPackager.command\" || echo \"Can't start packager automatically\"\n  fi\nfi\n";
			showEnvVarsInLog = 0;
		};
		FD10A7F122414F3F0027D42C /* Start Packager */ = {
			isa = PBXShellScriptBuildPhase;
			buildActionMask = 2147483647;
			files = (
			);
			inputPaths = (
			);
			name = "Start Packager";
			outputPaths = (
			);
			runOnlyForDeploymentPostprocessing = 0;
			shellPath = /bin/sh;
			shellScript = "export RCT_METRO_PORT=\"${RCT_METRO_PORT:=8081}\"\necho \"export RCT_METRO_PORT=${RCT_METRO_PORT}\" > \"${SRCROOT}/../node_modules/react-native/scripts/.packager.env\"\nif [ -z \"${RCT_NO_LAUNCH_PACKAGER+xxx}\" ] ; then\n  if nc -w 5 -z localhost ${RCT_METRO_PORT} ; then\n    if ! curl -s \"http://localhost:${RCT_METRO_PORT}/status\" | grep -q \"packager-status:running\" ; then\n      echo \"Port ${RCT_METRO_PORT} already in use, packager is either not running or not running correctly\"\n      exit 2\n    fi\n  else\n    open \"$SRCROOT/../node_modules/react-native/scripts/launchPackager.command\" || echo \"Can't start packager automatically\"\n  fi\nfi\n";
			showEnvVarsInLog = 0;
		};
/* End PBXShellScriptBuildPhase section */

/* Begin PBXSourcesBuildPhase section */
		00E356EA1AD99517003FC87E /* Sources */ = {
			isa = PBXSourcesBuildPhase;
			buildActionMask = 2147483647;
			files = (
				00E356F31AD99517003FC87E /* letmefyTests.m in Sources */,
			);
			runOnlyForDeploymentPostprocessing = 0;
		};
		13B07F871A680F5B00A75B9A /* Sources */ = {
			isa = PBXSourcesBuildPhase;
			buildActionMask = 2147483647;
			files = (
				13B07FBC1A68108700A75B9A /* AppDelegate.m in Sources */,
				13B07FC11A68108700A75B9A /* main.m in Sources */,
			);
			runOnlyForDeploymentPostprocessing = 0;
		};
		2D02E4771E0B4A5D006451C7 /* Sources */ = {
			isa = PBXSourcesBuildPhase;
			buildActionMask = 2147483647;
			files = (
				2D02E4BF1E0B4AB3006451C7 /* main.m in Sources */,
				2D02E4BC1E0B4A80006451C7 /* AppDelegate.m in Sources */,
			);
			runOnlyForDeploymentPostprocessing = 0;
		};
		2D02E48C1E0B4A5D006451C7 /* Sources */ = {
			isa = PBXSourcesBuildPhase;
			buildActionMask = 2147483647;
			files = (
				2DCD954D1E0B4F2C00145EB5 /* letmefyTests.m in Sources */,
			);
			runOnlyForDeploymentPostprocessing = 0;
		};
/* End PBXSourcesBuildPhase section */

/* Begin PBXTargetDependency section */
		00E356F51AD99517003FC87E /* PBXTargetDependency */ = {
			isa = PBXTargetDependency;
			target = 13B07F861A680F5B00A75B9A /* letmefy */;
			targetProxy = 00E356F41AD99517003FC87E /* PBXContainerItemProxy */;
		};
		2D02E4921E0B4A5D006451C7 /* PBXTargetDependency */ = {
			isa = PBXTargetDependency;
			target = 2D02E47A1E0B4A5D006451C7 /* letmefy-tvOS */;
			targetProxy = 2D02E4911E0B4A5D006451C7 /* PBXContainerItemProxy */;
		};
/* End PBXTargetDependency section */

/* Begin PBXVariantGroup section */
		13B07FB11A68108700A75B9A /* LaunchScreen.xib */ = {
			isa = PBXVariantGroup;
			children = (
				13B07FB21A68108700A75B9A /* Base */,
			);
			name = LaunchScreen.xib;
			path = letmefy;
			sourceTree = "<group>";
		};
/* End PBXVariantGroup section */

/* Begin XCBuildConfiguration section */
		00E356F61AD99517003FC87E /* Debug */ = {
			isa = XCBuildConfiguration;
			baseConfigurationReference = E86345AD83395FD31A696834 /* Pods-letmefyTests.debug.xcconfig */;
			buildSettings = {
				BUNDLE_LOADER = "$(TEST_HOST)";
				DEVELOPMENT_TEAM = 8DK56KEZU2;
				GCC_PREPROCESSOR_DEFINITIONS = (
					"DEBUG=1",
					"$(inherited)",
				);
				INFOPLIST_FILE = letmefyTests/Info.plist;
				IPHONEOS_DEPLOYMENT_TARGET = 9.0;
				LD_RUNPATH_SEARCH_PATHS = "$(inherited) @executable_path/Frameworks @loader_path/Frameworks";
				OTHER_LDFLAGS = (
					"-ObjC",
					"-lc++",
					"$(inherited)",
				);
				PRODUCT_BUNDLE_IDENTIFIER = "org.reactjs.native.example.$(PRODUCT_NAME:rfc1034identifier)";
				PRODUCT_NAME = "$(TARGET_NAME)";
				TEST_HOST = "$(BUILT_PRODUCTS_DIR)/letmefy.app/letmefy";
			};
			name = Debug;
		};
		00E356F71AD99517003FC87E /* Release */ = {
			isa = XCBuildConfiguration;
			baseConfigurationReference = EDBC9B5EC5C3554842E3EABA /* Pods-letmefyTests.release.xcconfig */;
			buildSettings = {
				BUNDLE_LOADER = "$(TEST_HOST)";
				COPY_PHASE_STRIP = NO;
				DEVELOPMENT_TEAM = 8DK56KEZU2;
				INFOPLIST_FILE = letmefyTests/Info.plist;
				IPHONEOS_DEPLOYMENT_TARGET = 9.0;
				LD_RUNPATH_SEARCH_PATHS = "$(inherited) @executable_path/Frameworks @loader_path/Frameworks";
				OTHER_LDFLAGS = (
					"-ObjC",
					"-lc++",
					"$(inherited)",
				);
				PRODUCT_BUNDLE_IDENTIFIER = "org.reactjs.native.example.$(PRODUCT_NAME:rfc1034identifier)";
				PRODUCT_NAME = "$(TARGET_NAME)";
				TEST_HOST = "$(BUILT_PRODUCTS_DIR)/letmefy.app/letmefy";
			};
			name = Release;
		};
		13B07F941A680F5B00A75B9A /* Debug */ = {
			isa = XCBuildConfiguration;
			baseConfigurationReference = AE537822B9C83F2AD8E50986 /* Pods-letmefy.debug.xcconfig */;
			buildSettings = {
				ASSETCATALOG_COMPILER_APPICON_NAME = AppIcon;
				CURRENT_PROJECT_VERSION = 1;
				DEAD_CODE_STRIPPING = NO;
				DEVELOPMENT_TEAM = 8DK56KEZU2;
				FRAMEWORK_SEARCH_PATHS = (
					"$(inherited)",
					"$(PROJECT_DIR)",
				);
				INFOPLIST_FILE = letmefy/Info.plist;
				LD_RUNPATH_SEARCH_PATHS = "$(inherited) @executable_path/Frameworks";
				OTHER_LDFLAGS = (
					"$(inherited)",
					"-ObjC",
					"-lc++",
				);
				PRODUCT_BUNDLE_IDENTIFIER = com.uranashel.letmefy;
				PRODUCT_NAME = letmefy;
				VERSIONING_SYSTEM = "apple-generic";
			};
			name = Debug;
		};
		13B07F951A680F5B00A75B9A /* Release */ = {
			isa = XCBuildConfiguration;
			baseConfigurationReference = 96B2B4683EB9752FFAF6AB5A /* Pods-letmefy.release.xcconfig */;
			buildSettings = {
				ASSETCATALOG_COMPILER_APPICON_NAME = AppIcon;
				CURRENT_PROJECT_VERSION = 1;
				DEVELOPMENT_TEAM = 8DK56KEZU2;
				FRAMEWORK_SEARCH_PATHS = (
					"$(inherited)",
					"$(PROJECT_DIR)",
				);
				INFOPLIST_FILE = letmefy/Info.plist;
				LD_RUNPATH_SEARCH_PATHS = "$(inherited) @executable_path/Frameworks";
				OTHER_LDFLAGS = (
					"$(inherited)",
					"-ObjC",
					"-lc++",
				);
				PRODUCT_BUNDLE_IDENTIFIER = com.uranashel.letmefy;
				PRODUCT_NAME = letmefy;
				VERSIONING_SYSTEM = "apple-generic";
			};
			name = Release;
		};
		2D02E4971E0B4A5E006451C7 /* Debug */ = {
			isa = XCBuildConfiguration;
			baseConfigurationReference = 0D2C9C240E00205C0750BFF8 /* Pods-letmefy-tvOS.debug.xcconfig */;
			buildSettings = {
				ASSETCATALOG_COMPILER_APPICON_NAME = "App Icon & Top Shelf Image";
				ASSETCATALOG_COMPILER_LAUNCHIMAGE_NAME = LaunchImage;
				CLANG_ANALYZER_NONNULL = YES;
				CLANG_WARN_DOCUMENTATION_COMMENTS = YES;
				CLANG_WARN_INFINITE_RECURSION = YES;
				CLANG_WARN_SUSPICIOUS_MOVE = YES;
				DEBUG_INFORMATION_FORMAT = dwarf;
				ENABLE_TESTABILITY = YES;
				GCC_NO_COMMON_BLOCKS = YES;
				INFOPLIST_FILE = "letmefy-tvOS/Info.plist";
				LD_RUNPATH_SEARCH_PATHS = "$(inherited) @executable_path/Frameworks";
				OTHER_LDFLAGS = (
					"$(inherited)",
					"-ObjC",
					"-lc++",
				);
				PRODUCT_BUNDLE_IDENTIFIER = "com.facebook.REACT.letmefy-tvOS";
				PRODUCT_NAME = "$(TARGET_NAME)";
				SDKROOT = appletvos;
				TARGETED_DEVICE_FAMILY = 3;
				TVOS_DEPLOYMENT_TARGET = 9.2;
			};
			name = Debug;
		};
		2D02E4981E0B4A5E006451C7 /* Release */ = {
			isa = XCBuildConfiguration;
			baseConfigurationReference = 4428AECDB44AA88BFCA427D2 /* Pods-letmefy-tvOS.release.xcconfig */;
			buildSettings = {
				ASSETCATALOG_COMPILER_APPICON_NAME = "App Icon & Top Shelf Image";
				ASSETCATALOG_COMPILER_LAUNCHIMAGE_NAME = LaunchImage;
				CLANG_ANALYZER_NONNULL = YES;
				CLANG_WARN_DOCUMENTATION_COMMENTS = YES;
				CLANG_WARN_INFINITE_RECURSION = YES;
				CLANG_WARN_SUSPICIOUS_MOVE = YES;
				COPY_PHASE_STRIP = NO;
				DEBUG_INFORMATION_FORMAT = "dwarf-with-dsym";
				GCC_NO_COMMON_BLOCKS = YES;
				INFOPLIST_FILE = "letmefy-tvOS/Info.plist";
				LD_RUNPATH_SEARCH_PATHS = "$(inherited) @executable_path/Frameworks";
				OTHER_LDFLAGS = (
					"$(inherited)",
					"-ObjC",
					"-lc++",
				);
				PRODUCT_BUNDLE_IDENTIFIER = "com.facebook.REACT.letmefy-tvOS";
				PRODUCT_NAME = "$(TARGET_NAME)";
				SDKROOT = appletvos;
				TARGETED_DEVICE_FAMILY = 3;
				TVOS_DEPLOYMENT_TARGET = 9.2;
			};
			name = Release;
		};
		2D02E4991E0B4A5E006451C7 /* Debug */ = {
			isa = XCBuildConfiguration;
			baseConfigurationReference = 74F7A1B7373AD1F04624213C /* Pods-letmefy-tvOSTests.debug.xcconfig */;
			buildSettings = {
				BUNDLE_LOADER = "$(TEST_HOST)";
				CLANG_ANALYZER_NONNULL = YES;
				CLANG_WARN_DOCUMENTATION_COMMENTS = YES;
				CLANG_WARN_INFINITE_RECURSION = YES;
				CLANG_WARN_SUSPICIOUS_MOVE = YES;
				DEBUG_INFORMATION_FORMAT = dwarf;
				ENABLE_TESTABILITY = YES;
				GCC_NO_COMMON_BLOCKS = YES;
				INFOPLIST_FILE = "letmefy-tvOSTests/Info.plist";
				LD_RUNPATH_SEARCH_PATHS = "$(inherited) @executable_path/Frameworks @loader_path/Frameworks";
				OTHER_LDFLAGS = (
					"$(inherited)",
					"-ObjC",
					"-lc++",
				);
				PRODUCT_BUNDLE_IDENTIFIER = "com.facebook.REACT.letmefy-tvOSTests";
				PRODUCT_NAME = "$(TARGET_NAME)";
				SDKROOT = appletvos;
				TEST_HOST = "$(BUILT_PRODUCTS_DIR)/letmefy-tvOS.app/letmefy-tvOS";
				TVOS_DEPLOYMENT_TARGET = 10.1;
			};
			name = Debug;
		};
		2D02E49A1E0B4A5E006451C7 /* Release */ = {
			isa = XCBuildConfiguration;
			baseConfigurationReference = 764FAA94BFFC0FA527FBAA82 /* Pods-letmefy-tvOSTests.release.xcconfig */;
			buildSettings = {
				BUNDLE_LOADER = "$(TEST_HOST)";
				CLANG_ANALYZER_NONNULL = YES;
				CLANG_WARN_DOCUMENTATION_COMMENTS = YES;
				CLANG_WARN_INFINITE_RECURSION = YES;
				CLANG_WARN_SUSPICIOUS_MOVE = YES;
				COPY_PHASE_STRIP = NO;
				DEBUG_INFORMATION_FORMAT = "dwarf-with-dsym";
				GCC_NO_COMMON_BLOCKS = YES;
				INFOPLIST_FILE = "letmefy-tvOSTests/Info.plist";
				LD_RUNPATH_SEARCH_PATHS = "$(inherited) @executable_path/Frameworks @loader_path/Frameworks";
				OTHER_LDFLAGS = (
					"$(inherited)",
					"-ObjC",
					"-lc++",
				);
				PRODUCT_BUNDLE_IDENTIFIER = "com.facebook.REACT.letmefy-tvOSTests";
				PRODUCT_NAME = "$(TARGET_NAME)";
				SDKROOT = appletvos;
				TEST_HOST = "$(BUILT_PRODUCTS_DIR)/letmefy-tvOS.app/letmefy-tvOS";
				TVOS_DEPLOYMENT_TARGET = 10.1;
			};
			name = Release;
		};
		83CBBA201A601CBA00E9B192 /* Debug */ = {
			isa = XCBuildConfiguration;
			buildSettings = {
				ALWAYS_SEARCH_USER_PATHS = NO;
				CLANG_CXX_LANGUAGE_STANDARD = "gnu++0x";
				CLANG_CXX_LIBRARY = "libc++";
				CLANG_ENABLE_MODULES = YES;
				CLANG_ENABLE_OBJC_ARC = YES;
				CLANG_WARN_BLOCK_CAPTURE_AUTORELEASING = YES;
				CLANG_WARN_BOOL_CONVERSION = YES;
				CLANG_WARN_COMMA = YES;
				CLANG_WARN_CONSTANT_CONVERSION = YES;
				CLANG_WARN_DEPRECATED_OBJC_IMPLEMENTATIONS = YES;
				CLANG_WARN_DIRECT_OBJC_ISA_USAGE = YES_ERROR;
				CLANG_WARN_EMPTY_BODY = YES;
				CLANG_WARN_ENUM_CONVERSION = YES;
				CLANG_WARN_INFINITE_RECURSION = YES;
				CLANG_WARN_INT_CONVERSION = YES;
				CLANG_WARN_NON_LITERAL_NULL_CONVERSION = YES;
				CLANG_WARN_OBJC_IMPLICIT_RETAIN_SELF = YES;
				CLANG_WARN_OBJC_LITERAL_CONVERSION = YES;
				CLANG_WARN_OBJC_ROOT_CLASS = YES_ERROR;
				CLANG_WARN_RANGE_LOOP_ANALYSIS = YES;
				CLANG_WARN_STRICT_PROTOTYPES = YES;
				CLANG_WARN_SUSPICIOUS_MOVE = YES;
				CLANG_WARN_UNREACHABLE_CODE = YES;
				CLANG_WARN__DUPLICATE_METHOD_MATCH = YES;
				"CODE_SIGN_IDENTITY[sdk=iphoneos*]" = "iPhone Developer";
				COPY_PHASE_STRIP = NO;
				ENABLE_STRICT_OBJC_MSGSEND = YES;
				ENABLE_TESTABILITY = YES;
				GCC_C_LANGUAGE_STANDARD = gnu99;
				GCC_DYNAMIC_NO_PIC = NO;
				GCC_NO_COMMON_BLOCKS = YES;
				GCC_OPTIMIZATION_LEVEL = 0;
				GCC_PREPROCESSOR_DEFINITIONS = (
					"DEBUG=1",
					"$(inherited)",
				);
				GCC_SYMBOLS_PRIVATE_EXTERN = NO;
				GCC_WARN_64_TO_32_BIT_CONVERSION = YES;
				GCC_WARN_ABOUT_RETURN_TYPE = YES_ERROR;
				GCC_WARN_UNDECLARED_SELECTOR = YES;
				GCC_WARN_UNINITIALIZED_AUTOS = YES_AGGRESSIVE;
				GCC_WARN_UNUSED_FUNCTION = YES;
				GCC_WARN_UNUSED_VARIABLE = YES;
				IPHONEOS_DEPLOYMENT_TARGET = 9.0;
				MTL_ENABLE_DEBUG_INFO = YES;
				ONLY_ACTIVE_ARCH = YES;
				SDKROOT = iphoneos;
			};
			name = Debug;
		};
		83CBBA211A601CBA00E9B192 /* Release */ = {
			isa = XCBuildConfiguration;
			buildSettings = {
				ALWAYS_SEARCH_USER_PATHS = NO;
				CLANG_CXX_LANGUAGE_STANDARD = "gnu++0x";
				CLANG_CXX_LIBRARY = "libc++";
				CLANG_ENABLE_MODULES = YES;
				CLANG_ENABLE_OBJC_ARC = YES;
				CLANG_WARN_BLOCK_CAPTURE_AUTORELEASING = YES;
				CLANG_WARN_BOOL_CONVERSION = YES;
				CLANG_WARN_COMMA = YES;
				CLANG_WARN_CONSTANT_CONVERSION = YES;
				CLANG_WARN_DEPRECATED_OBJC_IMPLEMENTATIONS = YES;
				CLANG_WARN_DIRECT_OBJC_ISA_USAGE = YES_ERROR;
				CLANG_WARN_EMPTY_BODY = YES;
				CLANG_WARN_ENUM_CONVERSION = YES;
				CLANG_WARN_INFINITE_RECURSION = YES;
				CLANG_WARN_INT_CONVERSION = YES;
				CLANG_WARN_NON_LITERAL_NULL_CONVERSION = YES;
				CLANG_WARN_OBJC_IMPLICIT_RETAIN_SELF = YES;
				CLANG_WARN_OBJC_LITERAL_CONVERSION = YES;
				CLANG_WARN_OBJC_ROOT_CLASS = YES_ERROR;
				CLANG_WARN_RANGE_LOOP_ANALYSIS = YES;
				CLANG_WARN_STRICT_PROTOTYPES = YES;
				CLANG_WARN_SUSPICIOUS_MOVE = YES;
				CLANG_WARN_UNREACHABLE_CODE = YES;
				CLANG_WARN__DUPLICATE_METHOD_MATCH = YES;
				"CODE_SIGN_IDENTITY[sdk=iphoneos*]" = "iPhone Developer";
				COPY_PHASE_STRIP = YES;
				ENABLE_NS_ASSERTIONS = NO;
				ENABLE_STRICT_OBJC_MSGSEND = YES;
				GCC_C_LANGUAGE_STANDARD = gnu99;
				GCC_NO_COMMON_BLOCKS = YES;
				GCC_WARN_64_TO_32_BIT_CONVERSION = YES;
				GCC_WARN_ABOUT_RETURN_TYPE = YES_ERROR;
				GCC_WARN_UNDECLARED_SELECTOR = YES;
				GCC_WARN_UNINITIALIZED_AUTOS = YES_AGGRESSIVE;
				GCC_WARN_UNUSED_FUNCTION = YES;
				GCC_WARN_UNUSED_VARIABLE = YES;
				IPHONEOS_DEPLOYMENT_TARGET = 9.0;
				MTL_ENABLE_DEBUG_INFO = NO;
				SDKROOT = iphoneos;
				VALIDATE_PRODUCT = YES;
			};
			name = Release;
		};
/* End XCBuildConfiguration section */

/* Begin XCConfigurationList section */
		00E357021AD99517003FC87E /* Build configuration list for PBXNativeTarget "letmefyTests" */ = {
			isa = XCConfigurationList;
			buildConfigurations = (
				00E356F61AD99517003FC87E /* Debug */,
				00E356F71AD99517003FC87E /* Release */,
			);
			defaultConfigurationIsVisible = 0;
			defaultConfigurationName = Release;
		};
		13B07F931A680F5B00A75B9A /* Build configuration list for PBXNativeTarget "letmefy" */ = {
			isa = XCConfigurationList;
			buildConfigurations = (
				13B07F941A680F5B00A75B9A /* Debug */,
				13B07F951A680F5B00A75B9A /* Release */,
			);
			defaultConfigurationIsVisible = 0;
			defaultConfigurationName = Release;
		};
		2D02E4BA1E0B4A5E006451C7 /* Build configuration list for PBXNativeTarget "letmefy-tvOS" */ = {
			isa = XCConfigurationList;
			buildConfigurations = (
				2D02E4971E0B4A5E006451C7 /* Debug */,
				2D02E4981E0B4A5E006451C7 /* Release */,
			);
			defaultConfigurationIsVisible = 0;
			defaultConfigurationName = Release;
		};
		2D02E4BB1E0B4A5E006451C7 /* Build configuration list for PBXNativeTarget "letmefy-tvOSTests" */ = {
			isa = XCConfigurationList;
			buildConfigurations = (
				2D02E4991E0B4A5E006451C7 /* Debug */,
				2D02E49A1E0B4A5E006451C7 /* Release */,
			);
			defaultConfigurationIsVisible = 0;
			defaultConfigurationName = Release;
		};
		83CBB9FA1A601CBA00E9B192 /* Build configuration list for PBXProject "letmefy" */ = {
			isa = XCConfigurationList;
			buildConfigurations = (
				83CBBA201A601CBA00E9B192 /* Debug */,
				83CBBA211A601CBA00E9B192 /* Release */,
			);
			defaultConfigurationIsVisible = 0;
			defaultConfigurationName = Release;
		};
/* End XCConfigurationList section */
	};
	rootObject = 83CBB9F71A601CBA00E9B192 /* Project object */;
}
